// !$*UTF8*$!
{
	archiveVersion = 1;
	classes = {
	};
	objectVersion = 46;
	objects = {

/* Begin PBXAggregateTarget section */
		D0E520EC1A88DC73005CB80B /* Documentation */ = {
			isa = PBXAggregateTarget;
			buildConfigurationList = D0E520ED1A88DC73005CB80B /* Build configuration list for PBXAggregateTarget "Documentation" */;
			buildPhases = (
				D0E520F11A88DC81005CB80B /* ShellScript */,
			);
			dependencies = (
			);
			name = Documentation;
			productName = Documentation;
		};
/* End PBXAggregateTarget section */

/* Begin PBXBuildFile section */
		0105F3E31A8681430045BDD3 /* SMLSyntaxColouring.m in Resources */ = {isa = PBXBuildFile; fileRef = 0105F3E11A86811C0045BDD3 /* SMLSyntaxColouring.m */; };
		01098F111AA7BCF200ED4CFD /* MGSPreferencesTextEditing.xib in Resources */ = {isa = PBXBuildFile; fileRef = 01098F131AA7BCF200ED4CFD /* MGSPreferencesTextEditing.xib */; };
		01098F141AA7BCF800ED4CFD /* MGSPreferencesFontsAndColours.xib in Resources */ = {isa = PBXBuildFile; fileRef = 01098F161AA7BCF800ED4CFD /* MGSPreferencesFontsAndColours.xib */; };
		01098F171AA7BD0400ED4CFD /* SMLGoToLine.xib in Resources */ = {isa = PBXBuildFile; fileRef = 01098F191AA7BD0400ED4CFD /* SMLGoToLine.xib */; };
		01098F1A1AA7BD0900ED4CFD /* SMLEntab.xib in Resources */ = {isa = PBXBuildFile; fileRef = 01098F1C1AA7BD0900ED4CFD /* SMLEntab.xib */; };
		01098F1D1AA7BD0D00ED4CFD /* SMLDetab.xib in Resources */ = {isa = PBXBuildFile; fileRef = 01098F1F1AA7BD0D00ED4CFD /* SMLDetab.xib */; };
		0132786A1A81650300D2DCA5 /* MGSSyntaxDefinition.m in Sources */ = {isa = PBXBuildFile; fileRef = 013278671A81614600D2DCA5 /* MGSSyntaxDefinition.m */; };
		017FD58A1A7A992700B305FB /* MGSLineNumberView.h in Headers */ = {isa = PBXBuildFile; fileRef = 017FD5861A7A992700B305FB /* MGSLineNumberView.h */; };
		017FD58B1A7A992700B305FB /* MGSLineNumberView.m in Sources */ = {isa = PBXBuildFile; fileRef = 017FD5871A7A992700B305FB /* MGSLineNumberView.m */; };
		0191FA7D1A881F6E0099B50D /* MGSDragOperationDelegate.h in Headers */ = {isa = PBXBuildFile; fileRef = 0191FA7C1A881F280099B50D /* MGSDragOperationDelegate.h */; settings = {ATTRIBUTES = (Public, ); }; };
		0191FA811A8829930099B50D /* SMLTextView+MGSTextActions.h in Headers */ = {isa = PBXBuildFile; fileRef = 0191FA7F1A8829930099B50D /* SMLTextView+MGSTextActions.h */; settings = {ATTRIBUTES = (Public, ); }; };
		0191FA821A8829930099B50D /* SMLTextView+MGSTextActions.m in Sources */ = {isa = PBXBuildFile; fileRef = 0191FA801A8829930099B50D /* SMLTextView+MGSTextActions.m */; };
		019B80191A9E77330007D234 /* MGSFragariaTextViewDelegate.h in Headers */ = {isa = PBXBuildFile; fileRef = 019B80181A9E77330007D234 /* MGSFragariaTextViewDelegate.h */; settings = {ATTRIBUTES = (Public, ); }; };
		019F56D51A9D3511009F9DCD /* SMLTextView+MGSDragging.h in Headers */ = {isa = PBXBuildFile; fileRef = D0C145C21A85E1FD00DDE90A /* SMLTextView+MGSDragging.h */; settings = {ATTRIBUTES = (Public, ); }; };
		01AC7E721AA341AA00DF7620 /* ErrorBadges.xcassets in Resources */ = {isa = PBXBuildFile; fileRef = 01AC7E711AA341AA00DF7620 /* ErrorBadges.xcassets */; };
		01BB1BF41A79AA15006C0056 /* MGSSimpleBreakpointDelegate.m in Sources */ = {isa = PBXBuildFile; fileRef = 01BB1BF21A79AA15006C0056 /* MGSSimpleBreakpointDelegate.m */; };
		01D81AD21AA7E37E006DF8B8 /* Features.xib in Resources */ = {isa = PBXBuildFile; fileRef = 01D81ACF1AA7E37E006DF8B8 /* Features.xib */; };
		01D81AD31AA7E37E006DF8B8 /* Lorem.html in Resources */ = {isa = PBXBuildFile; fileRef = 01D81AD01AA7E37E006DF8B8 /* Lorem.html */; };
		01D81AD41AA7E37E006DF8B8 /* MainMenu.xib in Resources */ = {isa = PBXBuildFile; fileRef = 01D81AD11AA7E37E006DF8B8 /* MainMenu.xib */; };
		AB257FCE129B1BF500A3FF76 /* SMLTextView.h in Headers */ = {isa = PBXBuildFile; fileRef = AB69B666118B768000903D1D /* SMLTextView.h */; settings = {ATTRIBUTES = (Public, ); }; };
		AB257FE0129B1CE300A3FF76 /* MGSSyntaxController.h in Headers */ = {isa = PBXBuildFile; fileRef = AB3971C8118C1F8A00AEF388 /* MGSSyntaxController.h */; settings = {ATTRIBUTES = (Public, ); }; };
		AB257FE2129B1CE300A3FF76 /* MGSFragariaPreferences.h in Headers */ = {isa = PBXBuildFile; fileRef = ABD0FE581193543600E6AFE6 /* MGSFragariaPreferences.h */; settings = {ATTRIBUTES = (Public, ); }; };
		AB257FE4129B1CE300A3FF76 /* MGSTextMenuController.h in Headers */ = {isa = PBXBuildFile; fileRef = AB472B7B1299732F00202CB5 /* MGSTextMenuController.h */; settings = {ATTRIBUTES = (Public, ); }; };
		AB3971CB118C1F8A00AEF388 /* MGSSyntaxController.m in Sources */ = {isa = PBXBuildFile; fileRef = AB3971C9118C1F8A00AEF388 /* MGSSyntaxController.m */; };
		AB39723A118C27E700AEF388 /* SyntaxDefinitions.plist in Resources */ = {isa = PBXBuildFile; fileRef = AB3971E6118C27E700AEF388 /* SyntaxDefinitions.plist */; };
		AB3972E5118C28E700AEF388 /* Syntax Definitions in Resources */ = {isa = PBXBuildFile; fileRef = AB397291118C28E700AEF388 /* Syntax Definitions */; };
		AB41C1051191FFCB004F0CB5 /* MGSFragaria.m in Sources */ = {isa = PBXBuildFile; fileRef = AB41C1041191FFCB004F0CB5 /* MGSFragaria.m */; };
		AB472B6F129972E400202CB5 /* MGSTextMenuController.m in Sources */ = {isa = PBXBuildFile; fileRef = AB472B6E129972E400202CB5 /* MGSTextMenuController.m */; };
		AB472BF41299BBB100202CB5 /* MGSExtraInterfaceController.m in Sources */ = {isa = PBXBuildFile; fileRef = AB472BF31299BBB100202CB5 /* MGSExtraInterfaceController.m */; };
		AB648E3311FB386E00AEF7BD /* MGSFragaria.framework in Frameworks */ = {isa = PBXBuildFile; fileRef = AB69B62B118B745700903D1D /* MGSFragaria.framework */; };
		AB648E4011FB38E700AEF7BD /* MyDocument.m in Sources */ = {isa = PBXBuildFile; fileRef = AB648E3F11FB38E700AEF7BD /* MyDocument.m */; };
		AB648E4111FB390300AEF7BD /* main.m in Sources */ = {isa = PBXBuildFile; fileRef = 29B97316FDCFA39411CA2CEA /* main.m */; };
		AB69B65C118B75FB00903D1D /* SMLSyntaxColouring.m in Sources */ = {isa = PBXBuildFile; fileRef = AB69B65A118B75FB00903D1D /* SMLSyntaxColouring.m */; };
		AB69B68F118B78D400903D1D /* SMLTextView.m in Sources */ = {isa = PBXBuildFile; fileRef = AB69B68E118B78D400903D1D /* SMLTextView.m */; };
		AB69B6CA118B7D2100903D1D /* Cocoa.framework in Frameworks */ = {isa = PBXBuildFile; fileRef = 1058C7A1FEA54F0111CA2CBB /* Cocoa.framework */; };
		AB69B6DA118B7F2A00903D1D /* SMLLayoutManager.m in Sources */ = {isa = PBXBuildFile; fileRef = AB69B6D9118B7F2A00903D1D /* SMLLayoutManager.m */; };
		AB69B754118B830700903D1D /* MGSFragaria.h in Headers */ = {isa = PBXBuildFile; fileRef = AB69B753118B830700903D1D /* MGSFragaria.h */; settings = {ATTRIBUTES = (Public, ); }; };
		AB8387AA171B4505004408F4 /* SMLSyntaxColouringDelegate.h in Headers */ = {isa = PBXBuildFile; fileRef = AB8387A9171B4505004408F4 /* SMLSyntaxColouringDelegate.h */; settings = {ATTRIBUTES = (Public, ); }; };
		AB8387C5171D6115004408F4 /* SMLSyntaxDefinition.h in Headers */ = {isa = PBXBuildFile; fileRef = AB8387C4171D6115004408F4 /* SMLSyntaxDefinition.h */; settings = {ATTRIBUTES = (Public, ); }; };
		ABA1C12316144EFD00C8723F /* README.md in Resources */ = {isa = PBXBuildFile; fileRef = ABA1C12116144D3F00C8723F /* README.md */; };
		ABA812DC11B6855200A29990 /* LICENSE-2.0.txt in Resources */ = {isa = PBXBuildFile; fileRef = ABA812DB11B6855200A29990 /* LICENSE-2.0.txt */; };
		ABC578D3160350240040B3FB /* MGSFragariaPreferences.m in Sources */ = {isa = PBXBuildFile; fileRef = ABC578D2160350240040B3FB /* MGSFragariaPreferences.m */; };
		ABC578E91603D6000040B3FB /* MGSFragariaFontsAndColoursPrefsViewController.h in Headers */ = {isa = PBXBuildFile; fileRef = ABC578E71603D5FF0040B3FB /* MGSFragariaFontsAndColoursPrefsViewController.h */; settings = {ATTRIBUTES = (Public, ); }; };
		ABC578EA1603D6000040B3FB /* MGSFragariaFontsAndColoursPrefsViewController.m in Sources */ = {isa = PBXBuildFile; fileRef = ABC578E81603D5FF0040B3FB /* MGSFragariaFontsAndColoursPrefsViewController.m */; };
		ABC578ED1603D7ED0040B3FB /* MGSFragariaTextEditingPrefsViewController.h in Headers */ = {isa = PBXBuildFile; fileRef = ABC578EB1603D7EB0040B3FB /* MGSFragariaTextEditingPrefsViewController.h */; settings = {ATTRIBUTES = (Public, ); }; };
		ABC578EE1603D7ED0040B3FB /* MGSFragariaTextEditingPrefsViewController.m in Sources */ = {isa = PBXBuildFile; fileRef = ABC578EC1603D7EC0040B3FB /* MGSFragariaTextEditingPrefsViewController.m */; };
		ABC5799816047B4E0040B3FB /* FRAFontTransformer.m in Sources */ = {isa = PBXBuildFile; fileRef = ABC5799616047B4E0040B3FB /* FRAFontTransformer.m */; };
		ABCA4D9E16137FC000E4849B /* Preferences.xib in Resources */ = {isa = PBXBuildFile; fileRef = ABC1D5DA160B0C51008769EB /* Preferences.xib */; };
		ABCA4DA316137FC000E4849B /* main.m in Sources */ = {isa = PBXBuildFile; fileRef = 29B97316FDCFA39411CA2CEA /* main.m */; settings = {ATTRIBUTES = (); }; };
		ABCA4DA416137FC000E4849B /* FragariaAppDelegate.m in Sources */ = {isa = PBXBuildFile; fileRef = 256AC3D90F4B6AC300CF3369 /* FragariaAppDelegate.m */; };
		ABCA4DA516137FC000E4849B /* MGSPreferencesController.m in Sources */ = {isa = PBXBuildFile; fileRef = AB69B80A118B8D0400903D1D /* MGSPreferencesController.m */; };
		ABCA4DA616137FC000E4849B /* DBPrefsWindowController.m in Sources */ = {isa = PBXBuildFile; fileRef = ABC1D5D5160B0801008769EB /* DBPrefsWindowController.m */; };
		ABCA4DA816137FC000E4849B /* Cocoa.framework in Frameworks */ = {isa = PBXBuildFile; fileRef = 1058C7A1FEA54F0111CA2CBB /* Cocoa.framework */; };
		ABCA4DA916137FC000E4849B /* MGSFragaria.framework in Frameworks */ = {isa = PBXBuildFile; fileRef = AB69B62B118B745700903D1D /* MGSFragaria.framework */; };
		ABCA4DAB16137FC000E4849B /* MGSFragaria.framework in Frameworks */ = {isa = PBXBuildFile; fileRef = AB69B62B118B745700903D1D /* MGSFragaria.framework */; settings = {ATTRIBUTES = (CodeSignOnCopy, ); }; };
		ABE25D0A1635CA7C00F23718 /* MGSFragariaPrefsViewController.h in Headers */ = {isa = PBXBuildFile; fileRef = ABE25D081635CA7C00F23718 /* MGSFragariaPrefsViewController.h */; settings = {ATTRIBUTES = (Public, ); }; };
		ABE25D0B1635CA7C00F23718 /* MGSFragariaPrefsViewController.m in Sources */ = {isa = PBXBuildFile; fileRef = ABE25D091635CA7C00F23718 /* MGSFragariaPrefsViewController.m */; };
		ABF28AF014C075D400ECAD48 /* NSScanner+Fragaria.m in Sources */ = {isa = PBXBuildFile; fileRef = ABF28AEE14C075D400ECAD48 /* NSScanner+Fragaria.m */; };
		D034C8081A997FA8003D3A41 /* MainMenu.xib in Resources */ = {isa = PBXBuildFile; fileRef = D034C8071A997FA8003D3A41 /* MainMenu.xib */; };
		D034C80B1A99807F003D3A41 /* MainMenu-Document.xib in Resources */ = {isa = PBXBuildFile; fileRef = D034C8091A99807F003D3A41 /* MainMenu-Document.xib */; };
		D034C80C1A99807F003D3A41 /* MyDocument.xib in Resources */ = {isa = PBXBuildFile; fileRef = D034C80A1A99807F003D3A41 /* MyDocument.xib */; };
		D034C8151A998324003D3A41 /* MASPreferencesWindow.xib in Resources */ = {isa = PBXBuildFile; fileRef = D034C8101A998324003D3A41 /* MASPreferencesWindow.xib */; };
		D034C8161A998324003D3A41 /* MASPreferencesWindowController.m in Sources */ = {isa = PBXBuildFile; fileRef = D034C8121A998324003D3A41 /* MASPreferencesWindowController.m */; };
		D034C81C1A9984A1003D3A41 /* PrefsFontsAndColorsViewController.m in Sources */ = {isa = PBXBuildFile; fileRef = D034C8191A9984A1003D3A41 /* PrefsFontsAndColorsViewController.m */; };
		D034C81D1A9984A1003D3A41 /* PrefsTextEditingViewController.m in Sources */ = {isa = PBXBuildFile; fileRef = D034C81B1A9984A1003D3A41 /* PrefsTextEditingViewController.m */; };
		D08359DB1A9F0446001B7B50 /* FeaturesWindowController.m in Sources */ = {isa = PBXBuildFile; fileRef = D08359D91A9F0446001B7B50 /* FeaturesWindowController.m */; };
		D08359E11AA0875E001B7B50 /* MGSPreferencesObserver.m in Sources */ = {isa = PBXBuildFile; fileRef = D08359DE1AA0875E001B7B50 /* MGSPreferencesObserver.m */; };
		D0AB50F01A91CDC200A6DF58 /* SMLSyntaxErrorTests.m in Sources */ = {isa = PBXBuildFile; fileRef = D0AB50EF1A91CDC200A6DF58 /* SMLSyntaxErrorTests.m */; };
		D0C145C71A85F2C900DDE90A /* SMLTextView+MGSDragging.m in Sources */ = {isa = PBXBuildFile; fileRef = D0C145C31A85E1FD00DDE90A /* SMLTextView+MGSDragging.m */; };
		D0C146521A87196200DDE90A /* AppDelegate.m in Sources */ = {isa = PBXBuildFile; fileRef = D0C146511A87196200DDE90A /* AppDelegate.m */; };
		D0C146541A87196200DDE90A /* main.m in Sources */ = {isa = PBXBuildFile; fileRef = D0C146531A87196200DDE90A /* main.m */; };
		D0C1466E1A87198E00DDE90A /* MGSFragaria.framework in Frameworks */ = {isa = PBXBuildFile; fileRef = AB69B62B118B745700903D1D /* MGSFragaria.framework */; };
		D0C1466F1A87198E00DDE90A /* MGSFragaria.framework in Embed Frameworks */ = {isa = PBXBuildFile; fileRef = AB69B62B118B745700903D1D /* MGSFragaria.framework */; settings = {ATTRIBUTES = (CodeSignOnCopy, RemoveHeadersOnCopy, ); }; };
		D0C146751A871A0B00DDE90A /* MGSFragariaView.h in Headers */ = {isa = PBXBuildFile; fileRef = D0C146731A871A0B00DDE90A /* MGSFragariaView.h */; settings = {ATTRIBUTES = (Public, ); }; };
		D0C146761A871A0B00DDE90A /* MGSFragariaView.m in Sources */ = {isa = PBXBuildFile; fileRef = D0C146741A871A0B00DDE90A /* MGSFragariaView.m */; };
		D0E521061A90DC02005CB80B /* MGSSyntaxErrorController.m in Sources */ = {isa = PBXBuildFile; fileRef = D0E521041A90DC02005CB80B /* MGSSyntaxErrorController.m */; };
		D0E521131A90E34F005CB80B /* MGSFragaria.framework in Frameworks */ = {isa = PBXBuildFile; fileRef = AB69B62B118B745700903D1D /* MGSFragaria.framework */; };
		D0E5211A1A90E399005CB80B /* MGSSyntaxErrorControllerTests.m in Sources */ = {isa = PBXBuildFile; fileRef = D0E521071A90E307005CB80B /* MGSSyntaxErrorControllerTests.m */; };
		E373BF131718A64700D71602 /* SMLAutoCompleteDelegate.h in Headers */ = {isa = PBXBuildFile; fileRef = E373BF121718A64700D71602 /* SMLAutoCompleteDelegate.h */; settings = {ATTRIBUTES = (Public, ); }; };
		E3CF4B7916E6927300C27B5C /* MGSBreakpointDelegate.h in Headers */ = {isa = PBXBuildFile; fileRef = E3CF4B7816E6927300C27B5C /* MGSBreakpointDelegate.h */; settings = {ATTRIBUTES = (Public, ); }; };
		E3D4B2771714D89700BB2CC6 /* SMLSyntaxError.h in Headers */ = {isa = PBXBuildFile; fileRef = E3D4B2751714D89700BB2CC6 /* SMLSyntaxError.h */; settings = {ATTRIBUTES = (Public, ); }; };
		E3D4B2781714D89700BB2CC6 /* SMLSyntaxError.m in Sources */ = {isa = PBXBuildFile; fileRef = E3D4B2761714D89700BB2CC6 /* SMLSyntaxError.m */; };
/* End PBXBuildFile section */

/* Begin PBXContainerItemProxy section */
		AB648E3611FB38AE00AEF7BD /* PBXContainerItemProxy */ = {
			isa = PBXContainerItemProxy;
			containerPortal = 29B97313FDCFA39411CA2CEA /* Project object */;
			proxyType = 1;
			remoteGlobalIDString = AB69B62A118B745700903D1D;
			remoteInfo = MGSFragaria;
		};
		ABCA4D9A16137FC000E4849B /* PBXContainerItemProxy */ = {
			isa = PBXContainerItemProxy;
			containerPortal = 29B97313FDCFA39411CA2CEA /* Project object */;
			proxyType = 1;
			remoteGlobalIDString = AB69B62A118B745700903D1D;
			remoteInfo = MGSKosmicEditor;
		};
		D0C146701A87198E00DDE90A /* PBXContainerItemProxy */ = {
			isa = PBXContainerItemProxy;
			containerPortal = 29B97313FDCFA39411CA2CEA /* Project object */;
			proxyType = 1;
			remoteGlobalIDString = AB69B62A118B745700903D1D;
			remoteInfo = MGSFragaria;
		};
		D0E521141A90E34F005CB80B /* PBXContainerItemProxy */ = {
			isa = PBXContainerItemProxy;
			containerPortal = 29B97313FDCFA39411CA2CEA /* Project object */;
			proxyType = 1;
			remoteGlobalIDString = AB69B62A118B745700903D1D;
			remoteInfo = MGSFragaria;
		};
/* End PBXContainerItemProxy section */

/* Begin PBXCopyFilesBuildPhase section */
		ABCA4DAA16137FC000E4849B /* Frameworks */ = {
			isa = PBXCopyFilesBuildPhase;
			buildActionMask = 2147483647;
			dstPath = "";
			dstSubfolderSpec = 10;
			files = (
				ABCA4DAB16137FC000E4849B /* MGSFragaria.framework in Frameworks */,
			);
			name = Frameworks;
			runOnlyForDeploymentPostprocessing = 0;
		};
		D0C146721A87198F00DDE90A /* Embed Frameworks */ = {
			isa = PBXCopyFilesBuildPhase;
			buildActionMask = 2147483647;
			dstPath = "";
			dstSubfolderSpec = 10;
			files = (
				D0C1466F1A87198E00DDE90A /* MGSFragaria.framework in Embed Frameworks */,
			);
			name = "Embed Frameworks";
			runOnlyForDeploymentPostprocessing = 0;
		};
/* End PBXCopyFilesBuildPhase section */

/* Begin PBXFileReference section */
		0105F3E11A86811C0045BDD3 /* SMLSyntaxColouring.m */ = {isa = PBXFileReference; explicitFileType = text; fileEncoding = 4; path = SMLSyntaxColouring.m; sourceTree = "<group>"; };
		01098F121AA7BCF200ED4CFD /* en */ = {isa = PBXFileReference; lastKnownFileType = file.xib; name = en; path = en.lproj/MGSPreferencesTextEditing.xib; sourceTree = "<group>"; };
		01098F151AA7BCF800ED4CFD /* en */ = {isa = PBXFileReference; lastKnownFileType = file.xib; name = en; path = en.lproj/MGSPreferencesFontsAndColours.xib; sourceTree = "<group>"; };
		01098F181AA7BD0400ED4CFD /* en */ = {isa = PBXFileReference; lastKnownFileType = file.xib; name = en; path = en.lproj/SMLGoToLine.xib; sourceTree = "<group>"; };
		01098F1B1AA7BD0900ED4CFD /* en */ = {isa = PBXFileReference; lastKnownFileType = file.xib; name = en; path = en.lproj/SMLEntab.xib; sourceTree = "<group>"; };
		01098F1E1AA7BD0D00ED4CFD /* en */ = {isa = PBXFileReference; lastKnownFileType = file.xib; name = en; path = en.lproj/SMLDetab.xib; sourceTree = "<group>"; };
		013278661A81614500D2DCA5 /* MGSSyntaxDefinition.h */ = {isa = PBXFileReference; fileEncoding = 4; lastKnownFileType = sourcecode.c.h; path = MGSSyntaxDefinition.h; sourceTree = "<group>"; };
		013278671A81614600D2DCA5 /* MGSSyntaxDefinition.m */ = {isa = PBXFileReference; fileEncoding = 4; lastKnownFileType = sourcecode.c.objc; path = MGSSyntaxDefinition.m; sourceTree = "<group>"; };
		0166D9971A9FC3B20099AB81 /* SMLTextViewPrivate.h */ = {isa = PBXFileReference; lastKnownFileType = sourcecode.c.h; path = SMLTextViewPrivate.h; sourceTree = "<group>"; };
		017FD5861A7A992700B305FB /* MGSLineNumberView.h */ = {isa = PBXFileReference; fileEncoding = 4; lastKnownFileType = sourcecode.c.h; path = MGSLineNumberView.h; sourceTree = "<group>"; };
		017FD5871A7A992700B305FB /* MGSLineNumberView.m */ = {isa = PBXFileReference; fileEncoding = 4; lastKnownFileType = sourcecode.c.objc; path = MGSLineNumberView.m; sourceTree = "<group>"; };
		0191FA7C1A881F280099B50D /* MGSDragOperationDelegate.h */ = {isa = PBXFileReference; lastKnownFileType = sourcecode.c.h; path = MGSDragOperationDelegate.h; sourceTree = "<group>"; };
		0191FA7F1A8829930099B50D /* SMLTextView+MGSTextActions.h */ = {isa = PBXFileReference; fileEncoding = 4; lastKnownFileType = sourcecode.c.h; path = "SMLTextView+MGSTextActions.h"; sourceTree = "<group>"; };
		0191FA801A8829930099B50D /* SMLTextView+MGSTextActions.m */ = {isa = PBXFileReference; fileEncoding = 4; lastKnownFileType = sourcecode.c.objc; path = "SMLTextView+MGSTextActions.m"; sourceTree = "<group>"; };
		019B80181A9E77330007D234 /* MGSFragariaTextViewDelegate.h */ = {isa = PBXFileReference; fileEncoding = 4; lastKnownFileType = sourcecode.c.h; path = MGSFragariaTextViewDelegate.h; sourceTree = "<group>"; };
		019F56D41A9D297F009F9DCD /* MGSFragariaPrivate.h */ = {isa = PBXFileReference; lastKnownFileType = sourcecode.c.h; path = MGSFragariaPrivate.h; sourceTree = "<group>"; };
		01AC7E711AA341AA00DF7620 /* ErrorBadges.xcassets */ = {isa = PBXFileReference; lastKnownFileType = folder.assetcatalog; path = ErrorBadges.xcassets; sourceTree = "<group>"; };
		01BB1BF11A79AA15006C0056 /* MGSSimpleBreakpointDelegate.h */ = {isa = PBXFileReference; fileEncoding = 4; lastKnownFileType = sourcecode.c.h; name = MGSSimpleBreakpointDelegate.h; path = Applications/Simple/MGSSimpleBreakpointDelegate.h; sourceTree = "<group>"; };
		01BB1BF21A79AA15006C0056 /* MGSSimpleBreakpointDelegate.m */ = {isa = PBXFileReference; fileEncoding = 4; lastKnownFileType = sourcecode.c.objc; name = MGSSimpleBreakpointDelegate.m; path = Applications/Simple/MGSSimpleBreakpointDelegate.m; sourceTree = "<group>"; };
		01D81ACF1AA7E37E006DF8B8 /* Features.xib */ = {isa = PBXFileReference; fileEncoding = 4; lastKnownFileType = file.xib; name = Features.xib; path = Applications/MGSFragariaView/Features.xib; sourceTree = "<group>"; };
		01D81AD01AA7E37E006DF8B8 /* Lorem.html */ = {isa = PBXFileReference; fileEncoding = 4; lastKnownFileType = text.html; name = Lorem.html; path = Applications/MGSFragariaView/Lorem.html; sourceTree = "<group>"; };
		01D81AD11AA7E37E006DF8B8 /* MainMenu.xib */ = {isa = PBXFileReference; fileEncoding = 4; lastKnownFileType = file.xib; name = MainMenu.xib; path = Applications/MGSFragariaView/MainMenu.xib; sourceTree = "<group>"; };
		1058C7A1FEA54F0111CA2CBB /* Cocoa.framework */ = {isa = PBXFileReference; lastKnownFileType = wrapper.framework; name = Cocoa.framework; path = /System/Library/Frameworks/Cocoa.framework; sourceTree = "<absolute>"; };
		256AC3D80F4B6AC300CF3369 /* FragariaAppDelegate.h */ = {isa = PBXFileReference; fileEncoding = 4; lastKnownFileType = sourcecode.c.h; name = FragariaAppDelegate.h; path = Applications/Simple/FragariaAppDelegate.h; sourceTree = "<group>"; };
		256AC3D90F4B6AC300CF3369 /* FragariaAppDelegate.m */ = {isa = PBXFileReference; fileEncoding = 4; lastKnownFileType = sourcecode.c.objc; name = FragariaAppDelegate.m; path = Applications/Simple/FragariaAppDelegate.m; sourceTree = "<group>"; };
		256AC3F00F4B6AF500CF3369 /* Fragaria_Prefix.pch */ = {isa = PBXFileReference; fileEncoding = 4; lastKnownFileType = sourcecode.c.h; path = Fragaria_Prefix.pch; sourceTree = "<group>"; };
		29B97316FDCFA39411CA2CEA /* main.m */ = {isa = PBXFileReference; fileEncoding = 4; lastKnownFileType = sourcecode.c.objc; path = main.m; sourceTree = "<group>"; };
		29B97324FDCFA39411CA2CEA /* AppKit.framework */ = {isa = PBXFileReference; lastKnownFileType = wrapper.framework; name = AppKit.framework; path = /System/Library/Frameworks/AppKit.framework; sourceTree = "<absolute>"; };
		29B97325FDCFA39411CA2CEA /* Foundation.framework */ = {isa = PBXFileReference; lastKnownFileType = wrapper.framework; name = Foundation.framework; path = /System/Library/Frameworks/Foundation.framework; sourceTree = "<absolute>"; };
		8D1107310486CEB800E47090 /* Fragaria-Info.plist */ = {isa = PBXFileReference; fileEncoding = 4; lastKnownFileType = text.plist.xml; name = "Fragaria-Info.plist"; path = "Applications/Simple/Fragaria-Info.plist"; sourceTree = "<group>"; };
		AB3971C8118C1F8A00AEF388 /* MGSSyntaxController.h */ = {isa = PBXFileReference; fileEncoding = 4; lastKnownFileType = sourcecode.c.h; path = MGSSyntaxController.h; sourceTree = "<group>"; };
		AB3971C9118C1F8A00AEF388 /* MGSSyntaxController.m */ = {isa = PBXFileReference; fileEncoding = 4; lastKnownFileType = sourcecode.c.objc; path = MGSSyntaxController.m; sourceTree = "<group>"; };
		AB3971E6118C27E700AEF388 /* SyntaxDefinitions.plist */ = {isa = PBXFileReference; fileEncoding = 4; lastKnownFileType = text.plist.xml; path = SyntaxDefinitions.plist; sourceTree = "<group>"; };
		AB397291118C28E700AEF388 /* Syntax Definitions */ = {isa = PBXFileReference; lastKnownFileType = folder; path = "Syntax Definitions"; sourceTree = "<group>"; };
		AB41C1041191FFCB004F0CB5 /* MGSFragaria.m */ = {isa = PBXFileReference; fileEncoding = 4; indentWidth = 4; lastKnownFileType = sourcecode.c.objc; path = MGSFragaria.m; sourceTree = "<group>"; tabWidth = 4; };
		AB472B6E129972E400202CB5 /* MGSTextMenuController.m */ = {isa = PBXFileReference; fileEncoding = 4; lastKnownFileType = sourcecode.c.objc; lineEnding = 0; path = MGSTextMenuController.m; sourceTree = "<group>"; xcLanguageSpecificationIdentifier = xcode.lang.objc; };
		AB472B7B1299732F00202CB5 /* MGSTextMenuController.h */ = {isa = PBXFileReference; fileEncoding = 4; lastKnownFileType = sourcecode.c.h; path = MGSTextMenuController.h; sourceTree = "<group>"; };
		AB472BF31299BBB100202CB5 /* MGSExtraInterfaceController.m */ = {isa = PBXFileReference; fileEncoding = 4; lastKnownFileType = sourcecode.c.objc; path = MGSExtraInterfaceController.m; sourceTree = "<group>"; };
		AB472BF51299BBBA00202CB5 /* MGSExtraInterfaceController.h */ = {isa = PBXFileReference; fileEncoding = 4; lastKnownFileType = sourcecode.c.h; path = MGSExtraInterfaceController.h; sourceTree = "<group>"; };
		AB648E2A11FB385700AEF7BD /* Fragaria Doc.app */ = {isa = PBXFileReference; explicitFileType = wrapper.application; includeInIndex = 0; path = "Fragaria Doc.app"; sourceTree = BUILT_PRODUCTS_DIR; };
		AB648E3E11FB38E700AEF7BD /* MyDocument.h */ = {isa = PBXFileReference; fileEncoding = 4; lastKnownFileType = sourcecode.c.h; name = MyDocument.h; path = Applications/Doc/MyDocument.h; sourceTree = "<group>"; };
		AB648E3F11FB38E700AEF7BD /* MyDocument.m */ = {isa = PBXFileReference; fileEncoding = 4; lastKnownFileType = sourcecode.c.objc; name = MyDocument.m; path = Applications/Doc/MyDocument.m; sourceTree = "<group>"; };
		AB69B62B118B745700903D1D /* MGSFragaria.framework */ = {isa = PBXFileReference; explicitFileType = wrapper.framework; includeInIndex = 0; path = MGSFragaria.framework; sourceTree = BUILT_PRODUCTS_DIR; };
		AB69B62C118B745700903D1D /* MGSFragaria-Info.plist */ = {isa = PBXFileReference; lastKnownFileType = text.plist.xml; path = "MGSFragaria-Info.plist"; sourceTree = "<group>"; };
		AB69B65A118B75FB00903D1D /* SMLSyntaxColouring.m */ = {isa = PBXFileReference; fileEncoding = 4; indentWidth = 4; lastKnownFileType = sourcecode.c.objc; lineEnding = 0; path = SMLSyntaxColouring.m; sourceTree = "<group>"; tabWidth = 4; };
		AB69B664118B766300903D1D /* SMLSyntaxColouring.h */ = {isa = PBXFileReference; fileEncoding = 4; lastKnownFileType = sourcecode.c.h; path = SMLSyntaxColouring.h; sourceTree = "<group>"; };
		AB69B666118B768000903D1D /* SMLTextView.h */ = {isa = PBXFileReference; fileEncoding = 4; lastKnownFileType = sourcecode.c.h; path = SMLTextView.h; sourceTree = "<group>"; };
		AB69B678118B76E700903D1D /* SMLLayoutManager.h */ = {isa = PBXFileReference; fileEncoding = 4; lastKnownFileType = sourcecode.c.h; path = SMLLayoutManager.h; sourceTree = "<group>"; };
		AB69B68E118B78D400903D1D /* SMLTextView.m */ = {isa = PBXFileReference; fileEncoding = 4; lastKnownFileType = sourcecode.c.objc; lineEnding = 0; path = SMLTextView.m; sourceTree = "<group>"; xcLanguageSpecificationIdentifier = xcode.lang.objc; };
		AB69B6D9118B7F2A00903D1D /* SMLLayoutManager.m */ = {isa = PBXFileReference; fileEncoding = 4; lastKnownFileType = sourcecode.c.objc; lineEnding = 0; path = SMLLayoutManager.m; sourceTree = "<group>"; xcLanguageSpecificationIdentifier = xcode.lang.objc; };
		AB69B753118B830700903D1D /* MGSFragaria.h */ = {isa = PBXFileReference; fileEncoding = 4; indentWidth = 4; lastKnownFileType = sourcecode.c.h; path = MGSFragaria.h; sourceTree = "<group>"; tabWidth = 4; };
		AB69B809118B8D0400903D1D /* MGSPreferencesController.h */ = {isa = PBXFileReference; fileEncoding = 4; lastKnownFileType = sourcecode.c.h; name = MGSPreferencesController.h; path = Applications/Simple/MGSPreferencesController.h; sourceTree = "<group>"; };
		AB69B80A118B8D0400903D1D /* MGSPreferencesController.m */ = {isa = PBXFileReference; fileEncoding = 4; lastKnownFileType = sourcecode.c.objc; lineEnding = 0; name = MGSPreferencesController.m; path = Applications/Simple/MGSPreferencesController.m; sourceTree = "<group>"; xcLanguageSpecificationIdentifier = xcode.lang.objc; };
		AB8387A9171B4505004408F4 /* SMLSyntaxColouringDelegate.h */ = {isa = PBXFileReference; fileEncoding = 4; lastKnownFileType = sourcecode.c.h; path = SMLSyntaxColouringDelegate.h; sourceTree = "<group>"; };
		AB8387C4171D6115004408F4 /* SMLSyntaxDefinition.h */ = {isa = PBXFileReference; fileEncoding = 4; lastKnownFileType = sourcecode.c.h; path = SMLSyntaxDefinition.h; sourceTree = "<group>"; };
		AB8387CC171D7F1D004408F4 /* TODO.md */ = {isa = PBXFileReference; lastKnownFileType = text; path = TODO.md; sourceTree = "<group>"; };
		ABA1C12116144D3F00C8723F /* README.md */ = {isa = PBXFileReference; lastKnownFileType = text; path = README.md; sourceTree = "<group>"; };
		ABA812DB11B6855200A29990 /* LICENSE-2.0.txt */ = {isa = PBXFileReference; fileEncoding = 4; lastKnownFileType = text; path = "LICENSE-2.0.txt"; sourceTree = "<group>"; };
		ABC1D5D4160B0801008769EB /* DBPrefsWindowController.h */ = {isa = PBXFileReference; fileEncoding = 4; lastKnownFileType = sourcecode.c.h; name = DBPrefsWindowController.h; path = Applications/Simple/DBPrefsWindowController.h; sourceTree = "<group>"; };
		ABC1D5D5160B0801008769EB /* DBPrefsWindowController.m */ = {isa = PBXFileReference; fileEncoding = 4; lastKnownFileType = sourcecode.c.objc; name = DBPrefsWindowController.m; path = Applications/Simple/DBPrefsWindowController.m; sourceTree = "<group>"; };
		ABC1D5DA160B0C51008769EB /* Preferences.xib */ = {isa = PBXFileReference; fileEncoding = 4; lastKnownFileType = file.xib; name = Preferences.xib; path = Applications/Simple/Preferences.xib; sourceTree = "<group>"; };
		ABC578D2160350240040B3FB /* MGSFragariaPreferences.m */ = {isa = PBXFileReference; fileEncoding = 4; lastKnownFileType = sourcecode.c.objc; lineEnding = 0; path = MGSFragariaPreferences.m; sourceTree = "<group>"; xcLanguageSpecificationIdentifier = xcode.lang.objc; };
		ABC578E71603D5FF0040B3FB /* MGSFragariaFontsAndColoursPrefsViewController.h */ = {isa = PBXFileReference; fileEncoding = 4; lastKnownFileType = sourcecode.c.h; path = MGSFragariaFontsAndColoursPrefsViewController.h; sourceTree = "<group>"; };
		ABC578E81603D5FF0040B3FB /* MGSFragariaFontsAndColoursPrefsViewController.m */ = {isa = PBXFileReference; fileEncoding = 4; lastKnownFileType = sourcecode.c.objc; path = MGSFragariaFontsAndColoursPrefsViewController.m; sourceTree = "<group>"; };
		ABC578EB1603D7EB0040B3FB /* MGSFragariaTextEditingPrefsViewController.h */ = {isa = PBXFileReference; fileEncoding = 4; lastKnownFileType = sourcecode.c.h; path = MGSFragariaTextEditingPrefsViewController.h; sourceTree = "<group>"; };
		ABC578EC1603D7EC0040B3FB /* MGSFragariaTextEditingPrefsViewController.m */ = {isa = PBXFileReference; fileEncoding = 4; lastKnownFileType = sourcecode.c.objc; path = MGSFragariaTextEditingPrefsViewController.m; sourceTree = "<group>"; };
		ABC5799516047B4E0040B3FB /* FRAFontTransformer.h */ = {isa = PBXFileReference; fileEncoding = 4; lastKnownFileType = sourcecode.c.h; path = FRAFontTransformer.h; sourceTree = "<group>"; };
		ABC5799616047B4E0040B3FB /* FRAFontTransformer.m */ = {isa = PBXFileReference; fileEncoding = 4; lastKnownFileType = sourcecode.c.objc; path = FRAFontTransformer.m; sourceTree = "<group>"; };
		ABCA4DAF16137FC000E4849B /* Fragaria.app */ = {isa = PBXFileReference; explicitFileType = wrapper.application; includeInIndex = 0; path = Fragaria.app; sourceTree = BUILT_PRODUCTS_DIR; };
		ABD0FD7F119326FE00E6AFE6 /* MGSFragariaFramework.h */ = {isa = PBXFileReference; fileEncoding = 4; lastKnownFileType = sourcecode.c.h; path = MGSFragariaFramework.h; sourceTree = "<group>"; };
		ABD0FE581193543600E6AFE6 /* MGSFragariaPreferences.h */ = {isa = PBXFileReference; fileEncoding = 4; lastKnownFileType = sourcecode.c.h; path = MGSFragariaPreferences.h; sourceTree = "<group>"; };
		ABE25D081635CA7C00F23718 /* MGSFragariaPrefsViewController.h */ = {isa = PBXFileReference; fileEncoding = 4; lastKnownFileType = sourcecode.c.h; path = MGSFragariaPrefsViewController.h; sourceTree = "<group>"; };
		ABE25D091635CA7C00F23718 /* MGSFragariaPrefsViewController.m */ = {isa = PBXFileReference; fileEncoding = 4; lastKnownFileType = sourcecode.c.objc; path = MGSFragariaPrefsViewController.m; sourceTree = "<group>"; };
		ABF28AEE14C075D400ECAD48 /* NSScanner+Fragaria.m */ = {isa = PBXFileReference; fileEncoding = 4; lastKnownFileType = sourcecode.c.objc; lineEnding = 0; path = "NSScanner+Fragaria.m"; sourceTree = "<group>"; xcLanguageSpecificationIdentifier = xcode.lang.objc; };
		ABF28AEF14C075D400ECAD48 /* NSScanner+Fragaria.h */ = {isa = PBXFileReference; fileEncoding = 4; lastKnownFileType = sourcecode.c.h; path = "NSScanner+Fragaria.h"; sourceTree = "<group>"; };
		D034C8071A997FA8003D3A41 /* MainMenu.xib */ = {isa = PBXFileReference; fileEncoding = 4; lastKnownFileType = file.xib; name = MainMenu.xib; path = Applications/Simple/MainMenu.xib; sourceTree = "<group>"; };
		D034C8091A99807F003D3A41 /* MainMenu-Document.xib */ = {isa = PBXFileReference; fileEncoding = 4; lastKnownFileType = file.xib; name = "MainMenu-Document.xib"; path = "Applications/Doc/MainMenu-Document.xib"; sourceTree = "<group>"; };
		D034C80A1A99807F003D3A41 /* MyDocument.xib */ = {isa = PBXFileReference; fileEncoding = 4; lastKnownFileType = file.xib; name = MyDocument.xib; path = Applications/Doc/MyDocument.xib; sourceTree = "<group>"; };
		D034C80F1A998324003D3A41 /* MASPreferencesViewController.h */ = {isa = PBXFileReference; fileEncoding = 4; lastKnownFileType = sourcecode.c.h; path = MASPreferencesViewController.h; sourceTree = "<group>"; };
		D034C8101A998324003D3A41 /* MASPreferencesWindow.xib */ = {isa = PBXFileReference; fileEncoding = 4; lastKnownFileType = file.xib; path = MASPreferencesWindow.xib; sourceTree = "<group>"; };
		D034C8111A998324003D3A41 /* MASPreferencesWindowController.h */ = {isa = PBXFileReference; fileEncoding = 4; lastKnownFileType = sourcecode.c.h; path = MASPreferencesWindowController.h; sourceTree = "<group>"; };
		D034C8121A998324003D3A41 /* MASPreferencesWindowController.m */ = {isa = PBXFileReference; fileEncoding = 4; lastKnownFileType = sourcecode.c.objc; path = MASPreferencesWindowController.m; sourceTree = "<group>"; };
		D034C8181A9984A1003D3A41 /* PrefsFontsAndColorsViewController.h */ = {isa = PBXFileReference; fileEncoding = 4; lastKnownFileType = sourcecode.c.h; name = PrefsFontsAndColorsViewController.h; path = Applications/MGSFragariaView/PrefsFontsAndColorsViewController.h; sourceTree = "<group>"; };
		D034C8191A9984A1003D3A41 /* PrefsFontsAndColorsViewController.m */ = {isa = PBXFileReference; fileEncoding = 4; lastKnownFileType = sourcecode.c.objc; name = PrefsFontsAndColorsViewController.m; path = Applications/MGSFragariaView/PrefsFontsAndColorsViewController.m; sourceTree = "<group>"; };
		D034C81A1A9984A1003D3A41 /* PrefsTextEditingViewController.h */ = {isa = PBXFileReference; fileEncoding = 4; lastKnownFileType = sourcecode.c.h; name = PrefsTextEditingViewController.h; path = Applications/MGSFragariaView/PrefsTextEditingViewController.h; sourceTree = "<group>"; };
		D034C81B1A9984A1003D3A41 /* PrefsTextEditingViewController.m */ = {isa = PBXFileReference; fileEncoding = 4; lastKnownFileType = sourcecode.c.objc; name = PrefsTextEditingViewController.m; path = Applications/MGSFragariaView/PrefsTextEditingViewController.m; sourceTree = "<group>"; };
		D08359D81A9F0446001B7B50 /* FeaturesWindowController.h */ = {isa = PBXFileReference; fileEncoding = 4; lastKnownFileType = sourcecode.c.h; name = FeaturesWindowController.h; path = Applications/MGSFragariaView/FeaturesWindowController.h; sourceTree = "<group>"; };
		D08359D91A9F0446001B7B50 /* FeaturesWindowController.m */ = {isa = PBXFileReference; fileEncoding = 4; lastKnownFileType = sourcecode.c.objc; name = FeaturesWindowController.m; path = Applications/MGSFragariaView/FeaturesWindowController.m; sourceTree = "<group>"; };
		D08359DD1AA0875E001B7B50 /* MGSPreferencesObserver.h */ = {isa = PBXFileReference; fileEncoding = 4; lastKnownFileType = sourcecode.c.h; path = MGSPreferencesObserver.h; sourceTree = "<group>"; };
		D08359DE1AA0875E001B7B50 /* MGSPreferencesObserver.m */ = {isa = PBXFileReference; fileEncoding = 4; lastKnownFileType = sourcecode.c.objc; path = MGSPreferencesObserver.m; sourceTree = "<group>"; };
		D0AB50EF1A91CDC200A6DF58 /* SMLSyntaxErrorTests.m */ = {isa = PBXFileReference; fileEncoding = 4; lastKnownFileType = sourcecode.c.objc; path = SMLSyntaxErrorTests.m; sourceTree = "<group>"; };
		D0C145C21A85E1FD00DDE90A /* SMLTextView+MGSDragging.h */ = {isa = PBXFileReference; fileEncoding = 4; lastKnownFileType = sourcecode.c.h; path = "SMLTextView+MGSDragging.h"; sourceTree = "<group>"; };
		D0C145C31A85E1FD00DDE90A /* SMLTextView+MGSDragging.m */ = {isa = PBXFileReference; fileEncoding = 4; lastKnownFileType = sourcecode.c.objc; path = "SMLTextView+MGSDragging.m"; sourceTree = "<group>"; };
		D0C1464C1A87196200DDE90A /* MGSFragariaView.app */ = {isa = PBXFileReference; explicitFileType = wrapper.application; includeInIndex = 0; path = MGSFragariaView.app; sourceTree = BUILT_PRODUCTS_DIR; };
		D0C1464F1A87196200DDE90A /* Info.plist */ = {isa = PBXFileReference; lastKnownFileType = text.plist.xml; name = Info.plist; path = Applications/MGSFragariaView/Info.plist; sourceTree = "<group>"; };
		D0C146501A87196200DDE90A /* AppDelegate.h */ = {isa = PBXFileReference; lastKnownFileType = sourcecode.c.h; name = AppDelegate.h; path = Applications/MGSFragariaView/AppDelegate.h; sourceTree = "<group>"; };
		D0C146511A87196200DDE90A /* AppDelegate.m */ = {isa = PBXFileReference; lastKnownFileType = sourcecode.c.objc; name = AppDelegate.m; path = Applications/MGSFragariaView/AppDelegate.m; sourceTree = "<group>"; };
		D0C146531A87196200DDE90A /* main.m */ = {isa = PBXFileReference; lastKnownFileType = sourcecode.c.objc; name = main.m; path = Applications/MGSFragariaView/main.m; sourceTree = "<group>"; };
		D0C146731A871A0B00DDE90A /* MGSFragariaView.h */ = {isa = PBXFileReference; fileEncoding = 4; lastKnownFileType = sourcecode.c.h; path = MGSFragariaView.h; sourceTree = "<group>"; };
		D0C146741A871A0B00DDE90A /* MGSFragariaView.m */ = {isa = PBXFileReference; fileEncoding = 4; lastKnownFileType = sourcecode.c.objc; path = MGSFragariaView.m; sourceTree = "<group>"; };
		D0E520F21A88E577005CB80B /* Fragaria_Document-Info.plist */ = {isa = PBXFileReference; lastKnownFileType = text.plist.xml; name = "Fragaria_Document-Info.plist"; path = "Applications/Doc/Fragaria_Document-Info.plist"; sourceTree = "<group>"; };
		D0E521031A90DC02005CB80B /* MGSSyntaxErrorController.h */ = {isa = PBXFileReference; fileEncoding = 4; lastKnownFileType = sourcecode.c.h; path = MGSSyntaxErrorController.h; sourceTree = "<group>"; };
		D0E521041A90DC02005CB80B /* MGSSyntaxErrorController.m */ = {isa = PBXFileReference; fileEncoding = 4; lastKnownFileType = sourcecode.c.objc; path = MGSSyntaxErrorController.m; sourceTree = "<group>"; };
		D0E521071A90E307005CB80B /* MGSSyntaxErrorControllerTests.m */ = {isa = PBXFileReference; fileEncoding = 4; lastKnownFileType = sourcecode.c.objc; path = MGSSyntaxErrorControllerTests.m; sourceTree = "<group>"; };
		D0E5210D1A90E34F005CB80B /* MGSFragaria Tests.xctest */ = {isa = PBXFileReference; explicitFileType = wrapper.cfbundle; includeInIndex = 0; path = "MGSFragaria Tests.xctest"; sourceTree = BUILT_PRODUCTS_DIR; };
		D0E521101A90E34F005CB80B /* Info.plist */ = {isa = PBXFileReference; lastKnownFileType = text.plist.xml; path = Info.plist; sourceTree = "<group>"; };
		E373BF121718A64700D71602 /* SMLAutoCompleteDelegate.h */ = {isa = PBXFileReference; fileEncoding = 4; lastKnownFileType = sourcecode.c.h; path = SMLAutoCompleteDelegate.h; sourceTree = "<group>"; };
		E3CF4B7816E6927300C27B5C /* MGSBreakpointDelegate.h */ = {isa = PBXFileReference; fileEncoding = 4; lastKnownFileType = sourcecode.c.h; path = MGSBreakpointDelegate.h; sourceTree = "<group>"; };
		E3D4B2751714D89700BB2CC6 /* SMLSyntaxError.h */ = {isa = PBXFileReference; fileEncoding = 4; indentWidth = 4; lastKnownFileType = sourcecode.c.h; path = SMLSyntaxError.h; sourceTree = "<group>"; tabWidth = 4; };
		E3D4B2761714D89700BB2CC6 /* SMLSyntaxError.m */ = {isa = PBXFileReference; fileEncoding = 4; lastKnownFileType = sourcecode.c.objc; path = SMLSyntaxError.m; sourceTree = "<group>"; };
/* End PBXFileReference section */

/* Begin PBXFrameworksBuildPhase section */
		AB648E2811FB385700AEF7BD /* Frameworks */ = {
			isa = PBXFrameworksBuildPhase;
			buildActionMask = 2147483647;
			files = (
				AB648E3311FB386E00AEF7BD /* MGSFragaria.framework in Frameworks */,
			);
			runOnlyForDeploymentPostprocessing = 0;
		};
		AB69B629118B745700903D1D /* Frameworks */ = {
			isa = PBXFrameworksBuildPhase;
			buildActionMask = 2147483647;
			files = (
				AB69B6CA118B7D2100903D1D /* Cocoa.framework in Frameworks */,
			);
			runOnlyForDeploymentPostprocessing = 0;
		};
		ABCA4DA716137FC000E4849B /* Frameworks */ = {
			isa = PBXFrameworksBuildPhase;
			buildActionMask = 2147483647;
			files = (
				ABCA4DA816137FC000E4849B /* Cocoa.framework in Frameworks */,
				ABCA4DA916137FC000E4849B /* MGSFragaria.framework in Frameworks */,
			);
			runOnlyForDeploymentPostprocessing = 0;
		};
		D0C146491A87196200DDE90A /* Frameworks */ = {
			isa = PBXFrameworksBuildPhase;
			buildActionMask = 2147483647;
			files = (
				D0C1466E1A87198E00DDE90A /* MGSFragaria.framework in Frameworks */,
			);
			runOnlyForDeploymentPostprocessing = 0;
		};
		D0E5210A1A90E34F005CB80B /* Frameworks */ = {
			isa = PBXFrameworksBuildPhase;
			buildActionMask = 2147483647;
			files = (
				D0E521131A90E34F005CB80B /* MGSFragaria.framework in Frameworks */,
			);
			runOnlyForDeploymentPostprocessing = 0;
		};
/* End PBXFrameworksBuildPhase section */

/* Begin PBXGroup section */
		013278651A81610E00D2DCA5 /* Syntax Definition Manager */ = {
			isa = PBXGroup;
			children = (
				AB3971C8118C1F8A00AEF388 /* MGSSyntaxController.h */,
				AB3971C9118C1F8A00AEF388 /* MGSSyntaxController.m */,
				013278661A81614500D2DCA5 /* MGSSyntaxDefinition.h */,
				013278671A81614600D2DCA5 /* MGSSyntaxDefinition.m */,
			);
			name = "Syntax Definition Manager";
			sourceTree = "<group>";
		};
		0191FA831A882B0F0099B50D /* Global Private Headers */ = {
			isa = PBXGroup;
			children = (
				ABD0FD7F119326FE00E6AFE6 /* MGSFragariaFramework.h */,
			);
			name = "Global Private Headers";
			sourceTree = "<group>";
		};
		01BB1BE81A795E58006C0056 /* Resources */ = {
			isa = PBXGroup;
			children = (
				D0E520F21A88E577005CB80B /* Fragaria_Document-Info.plist */,
			);
			name = Resources;
			sourceTree = "<group>";
		};
		01BB1BEA1A795EFD006C0056 /* Preferences */ = {
			isa = PBXGroup;
			children = (
				ABD0FE581193543600E6AFE6 /* MGSFragariaPreferences.h */,
				ABC578D2160350240040B3FB /* MGSFragariaPreferences.m */,
				D08359DD1AA0875E001B7B50 /* MGSPreferencesObserver.h */,
				D08359DE1AA0875E001B7B50 /* MGSPreferencesObserver.m */,
				01BB1BEF1A7966E7006C0056 /* Standard UI */,
			);
			name = Preferences;
			sourceTree = "<group>";
		};
		01BB1BEB1A79620E006C0056 /* Text Editing UI */ = {
			isa = PBXGroup;
			children = (
				AB472B7B1299732F00202CB5 /* MGSTextMenuController.h */,
				AB472B6E129972E400202CB5 /* MGSTextMenuController.m */,
				AB472BF51299BBBA00202CB5 /* MGSExtraInterfaceController.h */,
				AB472BF31299BBB100202CB5 /* MGSExtraInterfaceController.m */,
				01098F1F1AA7BD0D00ED4CFD /* SMLDetab.xib */,
				01098F1C1AA7BD0900ED4CFD /* SMLEntab.xib */,
				01098F191AA7BD0400ED4CFD /* SMLGoToLine.xib */,
			);
			name = "Text Editing UI";
			sourceTree = "<group>";
		};
		01BB1BEC1A7962C7006C0056 /* Text View Components */ = {
			isa = PBXGroup;
			children = (
				0166D9971A9FC3B20099AB81 /* SMLTextViewPrivate.h */,
				AB69B666118B768000903D1D /* SMLTextView.h */,
				AB69B68E118B78D400903D1D /* SMLTextView.m */,
				D0C145C21A85E1FD00DDE90A /* SMLTextView+MGSDragging.h */,
				D0C145C31A85E1FD00DDE90A /* SMLTextView+MGSDragging.m */,
				0191FA7F1A8829930099B50D /* SMLTextView+MGSTextActions.h */,
				0191FA801A8829930099B50D /* SMLTextView+MGSTextActions.m */,
				AB69B664118B766300903D1D /* SMLSyntaxColouring.h */,
				AB69B65A118B75FB00903D1D /* SMLSyntaxColouring.m */,
				AB69B678118B76E700903D1D /* SMLLayoutManager.h */,
				AB69B6D9118B7F2A00903D1D /* SMLLayoutManager.m */,
				013278651A81610E00D2DCA5 /* Syntax Definition Manager */,
				01BB1BEE1A7964DC006C0056 /* Gutter View */,
			);
			name = "Text View Components";
			sourceTree = "<group>";
		};
		01BB1BEE1A7964DC006C0056 /* Gutter View */ = {
			isa = PBXGroup;
			children = (
				017FD5861A7A992700B305FB /* MGSLineNumberView.h */,
				017FD5871A7A992700B305FB /* MGSLineNumberView.m */,
			);
			name = "Gutter View";
			sourceTree = "<group>";
		};
		01BB1BEF1A7966E7006C0056 /* Standard UI */ = {
			isa = PBXGroup;
			children = (
				ABE25D081635CA7C00F23718 /* MGSFragariaPrefsViewController.h */,
				ABE25D091635CA7C00F23718 /* MGSFragariaPrefsViewController.m */,
				ABC5799516047B4E0040B3FB /* FRAFontTransformer.h */,
				ABC5799616047B4E0040B3FB /* FRAFontTransformer.m */,
				ABC578E71603D5FF0040B3FB /* MGSFragariaFontsAndColoursPrefsViewController.h */,
				ABC578E81603D5FF0040B3FB /* MGSFragariaFontsAndColoursPrefsViewController.m */,
				01098F161AA7BCF800ED4CFD /* MGSPreferencesFontsAndColours.xib */,
				ABC578EB1603D7EB0040B3FB /* MGSFragariaTextEditingPrefsViewController.h */,
				ABC578EC1603D7EC0040B3FB /* MGSFragariaTextEditingPrefsViewController.m */,
				01098F131AA7BCF200ED4CFD /* MGSPreferencesTextEditing.xib */,
			);
			name = "Standard UI";
			sourceTree = "<group>";
		};
		1058C7A0FEA54F0111CA2CBB /* Linked Frameworks */ = {
			isa = PBXGroup;
			children = (
				1058C7A1FEA54F0111CA2CBB /* Cocoa.framework */,
			);
			name = "Linked Frameworks";
			sourceTree = "<group>";
		};
		1058C7A2FEA54F0111CA2CBB /* Other Frameworks */ = {
			isa = PBXGroup;
			children = (
				29B97324FDCFA39411CA2CEA /* AppKit.framework */,
				29B97325FDCFA39411CA2CEA /* Foundation.framework */,
			);
			name = "Other Frameworks";
			sourceTree = "<group>";
		};
		19C28FACFE9D520D11CA2CBB /* Products */ = {
			isa = PBXGroup;
			children = (
				AB69B62B118B745700903D1D /* MGSFragaria.framework */,
				AB648E2A11FB385700AEF7BD /* Fragaria Doc.app */,
				ABCA4DAF16137FC000E4849B /* Fragaria.app */,
				D0C1464C1A87196200DDE90A /* MGSFragariaView.app */,
				D0E5210D1A90E34F005CB80B /* MGSFragaria Tests.xctest */,
			);
			name = Products;
			sourceTree = "<group>";
		};
		29B97314FDCFA39411CA2CEA /* KosmicEditor */ = {
			isa = PBXGroup;
			children = (
				ABA1C12116144D3F00C8723F /* README.md */,
				AB8387CC171D7F1D004408F4 /* TODO.md */,
				AB92A4151192B66A0055A3E7 /* Applications */,
				AB69B752118B82DF00903D1D /* Framework */,
				29B97315FDCFA39411CA2CEA /* Other Sources */,
				D0E5210E1A90E34F005CB80B /* MGSFragaria Tests */,
				29B97323FDCFA39411CA2CEA /* Frameworks */,
				19C28FACFE9D520D11CA2CBB /* Products */,
			);
			indentWidth = 4;
			name = KosmicEditor;
			sourceTree = "<group>";
			tabWidth = 4;
		};
		29B97315FDCFA39411CA2CEA /* Other Sources */ = {
			isa = PBXGroup;
			children = (
				256AC3F00F4B6AF500CF3369 /* Fragaria_Prefix.pch */,
				29B97316FDCFA39411CA2CEA /* main.m */,
			);
			name = "Other Sources";
			sourceTree = "<group>";
		};
		29B97317FDCFA39411CA2CEA /* Resources */ = {
			isa = PBXGroup;
			children = (
				0105F3E11A86811C0045BDD3 /* SMLSyntaxColouring.m */,
				8D1107310486CEB800E47090 /* Fragaria-Info.plist */,
			);
			name = Resources;
			sourceTree = "<group>";
		};
		29B97323FDCFA39411CA2CEA /* Frameworks */ = {
			isa = PBXGroup;
			children = (
				1058C7A0FEA54F0111CA2CBB /* Linked Frameworks */,
				1058C7A2FEA54F0111CA2CBB /* Other Frameworks */,
			);
			name = Frameworks;
			sourceTree = "<group>";
		};
		AB3972FC118C2A5D00AEF388 /* Resources */ = {
			isa = PBXGroup;
			children = (
				01AC7E711AA341AA00DF7620 /* ErrorBadges.xcassets */,
				ABA812DB11B6855200A29990 /* LICENSE-2.0.txt */,
				AB69B62C118B745700903D1D /* MGSFragaria-Info.plist */,
				AB3971E6118C27E700AEF388 /* SyntaxDefinitions.plist */,
				AB397291118C28E700AEF388 /* Syntax Definitions */,
			);
			name = Resources;
			sourceTree = "<group>";
		};
		AB648E2211FB37AF00AEF7BD /* Simple */ = {
			isa = PBXGroup;
			children = (
				256AC3D80F4B6AC300CF3369 /* FragariaAppDelegate.h */,
				256AC3D90F4B6AC300CF3369 /* FragariaAppDelegate.m */,
				ABC1D5D4160B0801008769EB /* DBPrefsWindowController.h */,
				ABC1D5D5160B0801008769EB /* DBPrefsWindowController.m */,
				AB69B809118B8D0400903D1D /* MGSPreferencesController.h */,
				AB69B80A118B8D0400903D1D /* MGSPreferencesController.m */,
				01BB1BF11A79AA15006C0056 /* MGSSimpleBreakpointDelegate.h */,
				01BB1BF21A79AA15006C0056 /* MGSSimpleBreakpointDelegate.m */,
				D034C8071A997FA8003D3A41 /* MainMenu.xib */,
				ABC1D5DA160B0C51008769EB /* Preferences.xib */,
				29B97317FDCFA39411CA2CEA /* Resources */,
			);
			name = Simple;
			sourceTree = "<group>";
		};
		AB648E2311FB37D200AEF7BD /* NSDocument based */ = {
			isa = PBXGroup;
			children = (
				AB648E3E11FB38E700AEF7BD /* MyDocument.h */,
				AB648E3F11FB38E700AEF7BD /* MyDocument.m */,
				D034C8091A99807F003D3A41 /* MainMenu-Document.xib */,
				D034C80A1A99807F003D3A41 /* MyDocument.xib */,
				01BB1BE81A795E58006C0056 /* Resources */,
			);
			name = "NSDocument based";
			sourceTree = "<group>";
		};
		AB69B752118B82DF00903D1D /* Framework */ = {
			isa = PBXGroup;
			children = (
				ABDED9B6128AB144002EE039 /* Fragaria */,
				AB3972FC118C2A5D00AEF388 /* Resources */,
			);
			name = Framework;
			sourceTree = "<group>";
		};
		AB83887D171E94C5004408F4 /* NS Categories */ = {
			isa = PBXGroup;
			children = (
				ABF28AEF14C075D400ECAD48 /* NSScanner+Fragaria.h */,
				ABF28AEE14C075D400ECAD48 /* NSScanner+Fragaria.m */,
			);
			name = "NS Categories";
			sourceTree = "<group>";
		};
		AB92A4151192B66A0055A3E7 /* Applications */ = {
			isa = PBXGroup;
			children = (
				AB648E2311FB37D200AEF7BD /* NSDocument based */,
				AB648E2211FB37AF00AEF7BD /* Simple */,
				D0E521001A90B899005CB80B /* MGSFragariaView */,
			);
			name = Applications;
			sourceTree = "<group>";
		};
		ABDED9B6128AB144002EE039 /* Fragaria */ = {
			isa = PBXGroup;
			children = (
				E3CF4B7816E6927300C27B5C /* MGSBreakpointDelegate.h */,
				AB8387C4171D6115004408F4 /* SMLSyntaxDefinition.h */,
				AB8387A9171B4505004408F4 /* SMLSyntaxColouringDelegate.h */,
				E373BF121718A64700D71602 /* SMLAutoCompleteDelegate.h */,
				0191FA7C1A881F280099B50D /* MGSDragOperationDelegate.h */,
				019B80181A9E77330007D234 /* MGSFragariaTextViewDelegate.h */,
				D0C146731A871A0B00DDE90A /* MGSFragariaView.h */,
				D0C146741A871A0B00DDE90A /* MGSFragariaView.m */,
				AB69B753118B830700903D1D /* MGSFragaria.h */,
				019F56D41A9D297F009F9DCD /* MGSFragariaPrivate.h */,
				AB41C1041191FFCB004F0CB5 /* MGSFragaria.m */,
				0191FA831A882B0F0099B50D /* Global Private Headers */,
				AB83887D171E94C5004408F4 /* NS Categories */,
				D0E521021A90BAC1005CB80B /* Syntax Error Components */,
				01BB1BEC1A7962C7006C0056 /* Text View Components */,
				01BB1BEB1A79620E006C0056 /* Text Editing UI */,
				01BB1BEA1A795EFD006C0056 /* Preferences */,
			);
			name = Fragaria;
			sourceTree = "<group>";
		};
		D034C80D1A998324003D3A41 /* MASPreferences */ = {
			isa = PBXGroup;
			children = (
				D034C80F1A998324003D3A41 /* MASPreferencesViewController.h */,
				D034C8101A998324003D3A41 /* MASPreferencesWindow.xib */,
				D034C8111A998324003D3A41 /* MASPreferencesWindowController.h */,
				D034C8121A998324003D3A41 /* MASPreferencesWindowController.m */,
			);
			name = MASPreferences;
			path = Applications/MGSFragariaView/MASPreferences;
			sourceTree = "<group>";
		};
		D0E521001A90B899005CB80B /* MGSFragariaView */ = {
			isa = PBXGroup;
			children = (
				D0C146501A87196200DDE90A /* AppDelegate.h */,
				D0C146511A87196200DDE90A /* AppDelegate.m */,
				D034C8181A9984A1003D3A41 /* PrefsFontsAndColorsViewController.h */,
				D034C8191A9984A1003D3A41 /* PrefsFontsAndColorsViewController.m */,
				D034C81A1A9984A1003D3A41 /* PrefsTextEditingViewController.h */,
				D034C81B1A9984A1003D3A41 /* PrefsTextEditingViewController.m */,
				D08359D81A9F0446001B7B50 /* FeaturesWindowController.h */,
				D08359D91A9F0446001B7B50 /* FeaturesWindowController.m */,
				01D81ACF1AA7E37E006DF8B8 /* Features.xib */,
				01D81AD11AA7E37E006DF8B8 /* MainMenu.xib */,
				01D81AD01AA7E37E006DF8B8 /* Lorem.html */,
				D034C80D1A998324003D3A41 /* MASPreferences */,
				D0E521011A90B8B7005CB80B /* Supporting Files */,
			);
			name = MGSFragariaView;
			sourceTree = "<group>";
		};
		D0E521011A90B8B7005CB80B /* Supporting Files */ = {
			isa = PBXGroup;
			children = (
				D0C1464F1A87196200DDE90A /* Info.plist */,
				D0C146531A87196200DDE90A /* main.m */,
			);
			name = "Supporting Files";
			sourceTree = "<group>";
		};
		D0E521021A90BAC1005CB80B /* Syntax Error Components */ = {
			isa = PBXGroup;
			children = (
				E3D4B2751714D89700BB2CC6 /* SMLSyntaxError.h */,
				E3D4B2761714D89700BB2CC6 /* SMLSyntaxError.m */,
				D0E521031A90DC02005CB80B /* MGSSyntaxErrorController.h */,
				D0E521041A90DC02005CB80B /* MGSSyntaxErrorController.m */,
			);
			name = "Syntax Error Components";
			sourceTree = "<group>";
		};
		D0E5210E1A90E34F005CB80B /* MGSFragaria Tests */ = {
			isa = PBXGroup;
			children = (
				D0E521071A90E307005CB80B /* MGSSyntaxErrorControllerTests.m */,
				D0AB50EF1A91CDC200A6DF58 /* SMLSyntaxErrorTests.m */,
				D0E5210F1A90E34F005CB80B /* Supporting Files */,
			);
			path = "MGSFragaria Tests";
			sourceTree = "<group>";
		};
		D0E5210F1A90E34F005CB80B /* Supporting Files */ = {
			isa = PBXGroup;
			children = (
				D0E521101A90E34F005CB80B /* Info.plist */,
			);
			name = "Supporting Files";
			sourceTree = "<group>";
		};
/* End PBXGroup section */

/* Begin PBXHeadersBuildPhase section */
		AB69B626118B745700903D1D /* Headers */ = {
			isa = PBXHeadersBuildPhase;
			buildActionMask = 2147483647;
			files = (
				019F56D51A9D3511009F9DCD /* SMLTextView+MGSDragging.h in Headers */,
				019B80191A9E77330007D234 /* MGSFragariaTextViewDelegate.h in Headers */,
				AB69B754118B830700903D1D /* MGSFragaria.h in Headers */,
				E3CF4B7916E6927300C27B5C /* MGSBreakpointDelegate.h in Headers */,
				0191FA7D1A881F6E0099B50D /* MGSDragOperationDelegate.h in Headers */,
				ABC578E91603D6000040B3FB /* MGSFragariaFontsAndColoursPrefsViewController.h in Headers */,
				AB257FE2129B1CE300A3FF76 /* MGSFragariaPreferences.h in Headers */,
				ABE25D0A1635CA7C00F23718 /* MGSFragariaPrefsViewController.h in Headers */,
				ABC578ED1603D7ED0040B3FB /* MGSFragariaTextEditingPrefsViewController.h in Headers */,
				AB257FE0129B1CE300A3FF76 /* MGSSyntaxController.h in Headers */,
				AB257FE4129B1CE300A3FF76 /* MGSTextMenuController.h in Headers */,
				AB257FCE129B1BF500A3FF76 /* SMLTextView.h in Headers */,
				E3D4B2771714D89700BB2CC6 /* SMLSyntaxError.h in Headers */,
				D0C146751A871A0B00DDE90A /* MGSFragariaView.h in Headers */,
				017FD58A1A7A992700B305FB /* MGSLineNumberView.h in Headers */,
				E373BF131718A64700D71602 /* SMLAutoCompleteDelegate.h in Headers */,
				AB8387AA171B4505004408F4 /* SMLSyntaxColouringDelegate.h in Headers */,
				AB8387C5171D6115004408F4 /* SMLSyntaxDefinition.h in Headers */,
				0191FA811A8829930099B50D /* SMLTextView+MGSTextActions.h in Headers */,
			);
			runOnlyForDeploymentPostprocessing = 0;
		};
/* End PBXHeadersBuildPhase section */

/* Begin PBXNativeTarget section */
		AB648E2911FB385700AEF7BD /* Fragaria Doc */ = {
			isa = PBXNativeTarget;
			buildConfigurationList = AB648E3211FB385900AEF7BD /* Build configuration list for PBXNativeTarget "Fragaria Doc" */;
			buildPhases = (
				AB648E2611FB385700AEF7BD /* Resources */,
				AB648E2711FB385700AEF7BD /* Sources */,
				AB648E2811FB385700AEF7BD /* Frameworks */,
			);
			buildRules = (
			);
			dependencies = (
				AB648E3711FB38AE00AEF7BD /* PBXTargetDependency */,
			);
			name = "Fragaria Doc";
			productName = "Fragaria Document Based App";
			productReference = AB648E2A11FB385700AEF7BD /* Fragaria Doc.app */;
			productType = "com.apple.product-type.application";
		};
		AB69B62A118B745700903D1D /* MGSFragaria */ = {
			isa = PBXNativeTarget;
			buildConfigurationList = AB69B62F118B745800903D1D /* Build configuration list for PBXNativeTarget "MGSFragaria" */;
			buildPhases = (
				AB69B626118B745700903D1D /* Headers */,
				AB69B627118B745700903D1D /* Resources */,
				AB69B628118B745700903D1D /* Sources */,
				AB69B629118B745700903D1D /* Frameworks */,
			);
			buildRules = (
			);
			dependencies = (
			);
			name = MGSFragaria;
			productName = MGSKosmicEditor;
			productReference = AB69B62B118B745700903D1D /* MGSFragaria.framework */;
			productType = "com.apple.product-type.framework";
		};
		ABCA4D9816137FC000E4849B /* Fragaria */ = {
			isa = PBXNativeTarget;
			buildConfigurationList = ABCA4DAC16137FC000E4849B /* Build configuration list for PBXNativeTarget "Fragaria" */;
			buildPhases = (
				ABCA4D9B16137FC000E4849B /* Resources */,
				ABCA4DA216137FC000E4849B /* Sources */,
				ABCA4DA716137FC000E4849B /* Frameworks */,
				ABCA4DAA16137FC000E4849B /* Frameworks */,
			);
			buildRules = (
			);
			dependencies = (
				ABCA4D9916137FC000E4849B /* PBXTargetDependency */,
			);
			name = Fragaria;
			productInstallPath = "$(HOME)/Applications";
			productName = KosmicEditor;
			productReference = ABCA4DAF16137FC000E4849B /* Fragaria.app */;
			productType = "com.apple.product-type.application";
		};
		D0C1464B1A87196200DDE90A /* MGSFragariaView */ = {
			isa = PBXNativeTarget;
			buildConfigurationList = D0C1466C1A87196200DDE90A /* Build configuration list for PBXNativeTarget "MGSFragariaView" */;
			buildPhases = (
				D0C146481A87196200DDE90A /* Sources */,
				D0C146491A87196200DDE90A /* Frameworks */,
				D0C1464A1A87196200DDE90A /* Resources */,
				D0C146721A87198F00DDE90A /* Embed Frameworks */,
			);
			buildRules = (
			);
			dependencies = (
				D0C146711A87198E00DDE90A /* PBXTargetDependency */,
			);
			name = MGSFragariaView;
			productName = MGSFragariaView;
			productReference = D0C1464C1A87196200DDE90A /* MGSFragariaView.app */;
			productType = "com.apple.product-type.application";
		};
		D0E5210C1A90E34F005CB80B /* MGSFragaria Tests */ = {
			isa = PBXNativeTarget;
			buildConfigurationList = D0E521161A90E34F005CB80B /* Build configuration list for PBXNativeTarget "MGSFragaria Tests" */;
			buildPhases = (
				D0E521091A90E34F005CB80B /* Sources */,
				D0E5210A1A90E34F005CB80B /* Frameworks */,
				D0E5210B1A90E34F005CB80B /* Resources */,
			);
			buildRules = (
			);
			dependencies = (
				D0E521151A90E34F005CB80B /* PBXTargetDependency */,
			);
			name = "MGSFragaria Tests";
			productName = "MGSFragaria Tests";
			productReference = D0E5210D1A90E34F005CB80B /* MGSFragaria Tests.xctest */;
			productType = "com.apple.product-type.bundle.unit-test";
		};
/* End PBXNativeTarget section */

/* Begin PBXProject section */
		29B97313FDCFA39411CA2CEA /* Project object */ = {
			isa = PBXProject;
			attributes = {
				CLASSPREFIX = MGS;
				LastUpgradeCheck = 0610;
				TargetAttributes = {
					D0C1464B1A87196200DDE90A = {
						CreatedOnToolsVersion = 6.1.1;
					};
					D0E520EC1A88DC73005CB80B = {
						CreatedOnToolsVersion = 6.1.1;
					};
					D0E5210C1A90E34F005CB80B = {
						CreatedOnToolsVersion = 6.1.1;
					};
				};
			};
			buildConfigurationList = C01FCF4E08A954540054247B /* Build configuration list for PBXProject "Fragaria" */;
			compatibilityVersion = "Xcode 3.2";
			developmentRegion = English;
			hasScannedForEncodings = 1;
			knownRegions = (
				en,
			);
			mainGroup = 29B97314FDCFA39411CA2CEA /* KosmicEditor */;
			projectDirPath = "";
			projectRoot = "";
			targets = (
				AB648E2911FB385700AEF7BD /* Fragaria Doc */,
				ABCA4D9816137FC000E4849B /* Fragaria */,
				D0C1464B1A87196200DDE90A /* MGSFragariaView */,
				AB69B62A118B745700903D1D /* MGSFragaria */,
				D0E520EC1A88DC73005CB80B /* Documentation */,
				D0E5210C1A90E34F005CB80B /* MGSFragaria Tests */,
			);
		};
/* End PBXProject section */

/* Begin PBXResourcesBuildPhase section */
		AB648E2611FB385700AEF7BD /* Resources */ = {
			isa = PBXResourcesBuildPhase;
			buildActionMask = 2147483647;
			files = (
				D034C80C1A99807F003D3A41 /* MyDocument.xib in Resources */,
				D034C80B1A99807F003D3A41 /* MainMenu-Document.xib in Resources */,
			);
			runOnlyForDeploymentPostprocessing = 0;
		};
		AB69B627118B745700903D1D /* Resources */ = {
			isa = PBXResourcesBuildPhase;
			buildActionMask = 2147483647;
			files = (
				AB39723A118C27E700AEF388 /* SyntaxDefinitions.plist in Resources */,
				AB3972E5118C28E700AEF388 /* Syntax Definitions in Resources */,
				ABA1C12316144EFD00C8723F /* README.md in Resources */,
				ABA812DC11B6855200A29990 /* LICENSE-2.0.txt in Resources */,
				01098F171AA7BD0400ED4CFD /* SMLGoToLine.xib in Resources */,
				01098F1D1AA7BD0D00ED4CFD /* SMLDetab.xib in Resources */,
				01AC7E721AA341AA00DF7620 /* ErrorBadges.xcassets in Resources */,
				01098F1A1AA7BD0900ED4CFD /* SMLEntab.xib in Resources */,
				01098F141AA7BCF800ED4CFD /* MGSPreferencesFontsAndColours.xib in Resources */,
				01098F111AA7BCF200ED4CFD /* MGSPreferencesTextEditing.xib in Resources */,
			);
			runOnlyForDeploymentPostprocessing = 0;
		};
		ABCA4D9B16137FC000E4849B /* Resources */ = {
			isa = PBXResourcesBuildPhase;
			buildActionMask = 2147483647;
			files = (
				0105F3E31A8681430045BDD3 /* SMLSyntaxColouring.m in Resources */,
				ABCA4D9E16137FC000E4849B /* Preferences.xib in Resources */,
				D034C8081A997FA8003D3A41 /* MainMenu.xib in Resources */,
			);
			runOnlyForDeploymentPostprocessing = 0;
		};
		D0C1464A1A87196200DDE90A /* Resources */ = {
			isa = PBXResourcesBuildPhase;
			buildActionMask = 2147483647;
			files = (
				01D81AD21AA7E37E006DF8B8 /* Features.xib in Resources */,
				01D81AD31AA7E37E006DF8B8 /* Lorem.html in Resources */,
				D034C8151A998324003D3A41 /* MASPreferencesWindow.xib in Resources */,
				01D81AD41AA7E37E006DF8B8 /* MainMenu.xib in Resources */,
			);
			runOnlyForDeploymentPostprocessing = 0;
		};
		D0E5210B1A90E34F005CB80B /* Resources */ = {
			isa = PBXResourcesBuildPhase;
			buildActionMask = 2147483647;
			files = (
			);
			runOnlyForDeploymentPostprocessing = 0;
		};
/* End PBXResourcesBuildPhase section */

/* Begin PBXShellScriptBuildPhase section */
		D0E520F11A88DC81005CB80B /* ShellScript */ = {
			isa = PBXShellScriptBuildPhase;
			buildActionMask = 2147483647;
			files = (
			);
			inputPaths = (
			);
			outputPaths = (
			);
			runOnlyForDeploymentPostprocessing = 0;
			shellPath = /bin/sh;
			shellScript = "/usr/local/bin/appledoc \\\n--project-name MGSFragaria \\\n--project-company \"Jonathan Mitchell and significant other contributors\" \\\n--company-id com.mugginsoft \\\n--no-repeat-first-par \\\n--logformat xcode \\\n--no-install-docset \\\n--keep-undocumented-objects \\\n--keep-undocumented-members \\\n--keep-intermediate-files \\\n--ignore \"Pods\" \\\n--ignore \".md\" \\\n--ignore \".m\" \\\n--ignore \"Applications\" \\\n--output \"AppleDoc\" \\\n--exit-threshold \"2\" \\\n.";
		};
/* End PBXShellScriptBuildPhase section */

/* Begin PBXSourcesBuildPhase section */
		AB648E2711FB385700AEF7BD /* Sources */ = {
			isa = PBXSourcesBuildPhase;
			buildActionMask = 2147483647;
			files = (
				AB648E4011FB38E700AEF7BD /* MyDocument.m in Sources */,
				AB648E4111FB390300AEF7BD /* main.m in Sources */,
			);
			runOnlyForDeploymentPostprocessing = 0;
		};
		AB69B628118B745700903D1D /* Sources */ = {
			isa = PBXSourcesBuildPhase;
			buildActionMask = 2147483647;
			files = (
				AB69B65C118B75FB00903D1D /* SMLSyntaxColouring.m in Sources */,
				017FD58B1A7A992700B305FB /* MGSLineNumberView.m in Sources */,
				AB69B68F118B78D400903D1D /* SMLTextView.m in Sources */,
				AB69B6DA118B7F2A00903D1D /* SMLLayoutManager.m in Sources */,
				AB3971CB118C1F8A00AEF388 /* MGSSyntaxController.m in Sources */,
				D0C145C71A85F2C900DDE90A /* SMLTextView+MGSDragging.m in Sources */,
				AB41C1051191FFCB004F0CB5 /* MGSFragaria.m in Sources */,
				D0E521061A90DC02005CB80B /* MGSSyntaxErrorController.m in Sources */,
				AB472B6F129972E400202CB5 /* MGSTextMenuController.m in Sources */,
				AB472BF41299BBB100202CB5 /* MGSExtraInterfaceController.m in Sources */,
				ABF28AF014C075D400ECAD48 /* NSScanner+Fragaria.m in Sources */,
				ABC578D3160350240040B3FB /* MGSFragariaPreferences.m in Sources */,
				ABC578EA1603D6000040B3FB /* MGSFragariaFontsAndColoursPrefsViewController.m in Sources */,
				D08359E11AA0875E001B7B50 /* MGSPreferencesObserver.m in Sources */,
				ABC578EE1603D7ED0040B3FB /* MGSFragariaTextEditingPrefsViewController.m in Sources */,
				D0C146761A871A0B00DDE90A /* MGSFragariaView.m in Sources */,
				ABC5799816047B4E0040B3FB /* FRAFontTransformer.m in Sources */,
				ABE25D0B1635CA7C00F23718 /* MGSFragariaPrefsViewController.m in Sources */,
				0191FA821A8829930099B50D /* SMLTextView+MGSTextActions.m in Sources */,
				E3D4B2781714D89700BB2CC6 /* SMLSyntaxError.m in Sources */,
				0132786A1A81650300D2DCA5 /* MGSSyntaxDefinition.m in Sources */,
			);
			runOnlyForDeploymentPostprocessing = 0;
		};
		ABCA4DA216137FC000E4849B /* Sources */ = {
			isa = PBXSourcesBuildPhase;
			buildActionMask = 2147483647;
			files = (
				ABCA4DA316137FC000E4849B /* main.m in Sources */,
				01BB1BF41A79AA15006C0056 /* MGSSimpleBreakpointDelegate.m in Sources */,
				ABCA4DA416137FC000E4849B /* FragariaAppDelegate.m in Sources */,
				ABCA4DA516137FC000E4849B /* MGSPreferencesController.m in Sources */,
				ABCA4DA616137FC000E4849B /* DBPrefsWindowController.m in Sources */,
			);
			runOnlyForDeploymentPostprocessing = 0;
		};
		D0C146481A87196200DDE90A /* Sources */ = {
			isa = PBXSourcesBuildPhase;
			buildActionMask = 2147483647;
			files = (
				D034C81C1A9984A1003D3A41 /* PrefsFontsAndColorsViewController.m in Sources */,
				D034C8161A998324003D3A41 /* MASPreferencesWindowController.m in Sources */,
				D0C146541A87196200DDE90A /* main.m in Sources */,
				D0C146521A87196200DDE90A /* AppDelegate.m in Sources */,
				D08359DB1A9F0446001B7B50 /* FeaturesWindowController.m in Sources */,
				D034C81D1A9984A1003D3A41 /* PrefsTextEditingViewController.m in Sources */,
			);
			runOnlyForDeploymentPostprocessing = 0;
		};
		D0E521091A90E34F005CB80B /* Sources */ = {
			isa = PBXSourcesBuildPhase;
			buildActionMask = 2147483647;
			files = (
				D0AB50F01A91CDC200A6DF58 /* SMLSyntaxErrorTests.m in Sources */,
				D0E5211A1A90E399005CB80B /* MGSSyntaxErrorControllerTests.m in Sources */,
			);
			runOnlyForDeploymentPostprocessing = 0;
		};
/* End PBXSourcesBuildPhase section */

/* Begin PBXTargetDependency section */
		AB648E3711FB38AE00AEF7BD /* PBXTargetDependency */ = {
			isa = PBXTargetDependency;
			target = AB69B62A118B745700903D1D /* MGSFragaria */;
			targetProxy = AB648E3611FB38AE00AEF7BD /* PBXContainerItemProxy */;
		};
		ABCA4D9916137FC000E4849B /* PBXTargetDependency */ = {
			isa = PBXTargetDependency;
			target = AB69B62A118B745700903D1D /* MGSFragaria */;
			targetProxy = ABCA4D9A16137FC000E4849B /* PBXContainerItemProxy */;
		};
		D0C146711A87198E00DDE90A /* PBXTargetDependency */ = {
			isa = PBXTargetDependency;
			target = AB69B62A118B745700903D1D /* MGSFragaria */;
			targetProxy = D0C146701A87198E00DDE90A /* PBXContainerItemProxy */;
		};
		D0E521151A90E34F005CB80B /* PBXTargetDependency */ = {
			isa = PBXTargetDependency;
			target = AB69B62A118B745700903D1D /* MGSFragaria */;
			targetProxy = D0E521141A90E34F005CB80B /* PBXContainerItemProxy */;
		};
/* End PBXTargetDependency section */

/* Begin PBXVariantGroup section */
		01098F131AA7BCF200ED4CFD /* MGSPreferencesTextEditing.xib */ = {
			isa = PBXVariantGroup;
			children = (
				01098F121AA7BCF200ED4CFD /* en */,
			);
			name = MGSPreferencesTextEditing.xib;
			sourceTree = "<group>";
		};
		01098F161AA7BCF800ED4CFD /* MGSPreferencesFontsAndColours.xib */ = {
			isa = PBXVariantGroup;
			children = (
				01098F151AA7BCF800ED4CFD /* en */,
			);
			name = MGSPreferencesFontsAndColours.xib;
			sourceTree = "<group>";
		};
		01098F191AA7BD0400ED4CFD /* SMLGoToLine.xib */ = {
			isa = PBXVariantGroup;
			children = (
				01098F181AA7BD0400ED4CFD /* en */,
			);
			name = SMLGoToLine.xib;
			sourceTree = "<group>";
		};
		01098F1C1AA7BD0900ED4CFD /* SMLEntab.xib */ = {
			isa = PBXVariantGroup;
			children = (
				01098F1B1AA7BD0900ED4CFD /* en */,
			);
			name = SMLEntab.xib;
			sourceTree = "<group>";
		};
		01098F1F1AA7BD0D00ED4CFD /* SMLDetab.xib */ = {
			isa = PBXVariantGroup;
			children = (
				01098F1E1AA7BD0D00ED4CFD /* en */,
			);
			name = SMLDetab.xib;
			sourceTree = "<group>";
		};
/* End PBXVariantGroup section */

/* Begin XCBuildConfiguration section */
		5FFCC83C1902861000A595F2 /* Testing */ = {
			isa = XCBuildConfiguration;
			buildSettings = {
				ALWAYS_SEARCH_USER_PATHS = NO;
				CLANG_WARN_UNREACHABLE_CODE = YES;
				GCC_C_LANGUAGE_STANDARD = gnu99;
				GCC_OPTIMIZATION_LEVEL = 0;
				GCC_PRECOMPILE_PREFIX_HEADER = YES;
				GCC_WARN_64_TO_32_BIT_CONVERSION = YES;
				GCC_WARN_ABOUT_MISSING_FIELD_INITIALIZERS = YES;
				GCC_WARN_ABOUT_MISSING_PROTOTYPES = YES;
				GCC_WARN_ABOUT_RETURN_TYPE = YES;
				GCC_WARN_CHECK_SWITCH_STATEMENTS = YES;
				GCC_WARN_INITIALIZER_NOT_FULLY_BRACKETED = YES;
				GCC_WARN_MISSING_PARENTHESES = YES;
				GCC_WARN_SIGN_COMPARE = YES;
				GCC_WARN_UNDECLARED_SELECTOR = YES;
				GCC_WARN_UNINITIALIZED_AUTOS = NO;
				GCC_WARN_UNUSED_FUNCTION = YES;
				GCC_WARN_UNUSED_VARIABLE = YES;
				MACOSX_DEPLOYMENT_TARGET = 10.7;
				ONLY_ACTIVE_ARCH = YES;
				RUN_CLANG_STATIC_ANALYZER = NO;
				SDKROOT = macosx;
			};
			name = Testing;
		};
		5FFCC83D1902861000A595F2 /* Testing */ = {
			isa = XCBuildConfiguration;
			buildSettings = {
				ALWAYS_SEARCH_USER_PATHS = NO;
				CLANG_ENABLE_OBJC_ARC = YES;
				COMBINE_HIDPI_IMAGES = YES;
				COPY_PHASE_STRIP = NO;
				GCC_DYNAMIC_NO_PIC = NO;
				GCC_OPTIMIZATION_LEVEL = 0;
				GCC_PRECOMPILE_PREFIX_HEADER = YES;
				GCC_PREFIX_HEADER = "$(SYSTEM_LIBRARY_DIR)/Frameworks/AppKit.framework/Headers/AppKit.h";
				INFOPLIST_FILE = "$(SRCROOT)/Applications/Doc/Fragaria_Document-Info.plist";
				INSTALL_PATH = "$(HOME)/Applications";
				OTHER_LDFLAGS = (
					"-framework",
					Foundation,
					"-framework",
					AppKit,
				);
				PRODUCT_NAME = "Fragaria Doc";
			};
			name = Testing;
		};
		5FFCC83E1902861000A595F2 /* Testing */ = {
			isa = XCBuildConfiguration;
			buildSettings = {
				ALWAYS_SEARCH_USER_PATHS = NO;
				CLANG_ENABLE_OBJC_ARC = YES;
				COMBINE_HIDPI_IMAGES = YES;
				COPY_PHASE_STRIP = NO;
				GCC_DYNAMIC_NO_PIC = NO;
				GCC_OPTIMIZATION_LEVEL = 0;
				GCC_PRECOMPILE_PREFIX_HEADER = YES;
				GCC_PREFIX_HEADER = Fragaria_Prefix.pch;
				INFOPLIST_FILE = "$(SRCROOT)/Applications/Simple/Fragaria-Info.plist";
				INSTALL_PATH = "$(HOME)/Applications";
				PRODUCT_NAME = Fragaria;
			};
			name = Testing;
		};
		5FFCC83F1902861000A595F2 /* Testing */ = {
			isa = XCBuildConfiguration;
			buildSettings = {
				ALWAYS_SEARCH_USER_PATHS = NO;
				COMBINE_HIDPI_IMAGES = NO;
				COPY_PHASE_STRIP = NO;
				DYLIB_COMPATIBILITY_VERSION = 1;
				DYLIB_CURRENT_VERSION = 1;
				FRAMEWORK_VERSION = A;
				GCC_DYNAMIC_NO_PIC = NO;
				GCC_OPTIMIZATION_LEVEL = 0;
				GCC_PRECOMPILE_PREFIX_HEADER = YES;
				GCC_PREFIX_HEADER = "$(SYSTEM_LIBRARY_DIR)/Frameworks/AppKit.framework/Headers/AppKit.h";
				INFOPLIST_FILE = "MGSFragaria-Info.plist";
				INSTALL_PATH = "@executable_path/../Frameworks";
				ONLY_ACTIVE_ARCH = NO;
				OTHER_LDFLAGS = (
					"-framework",
					Foundation,
					"-framework",
					AppKit,
				);
				PRODUCT_NAME = MGSFragaria;
				VERSIONING_SYSTEM = "apple-generic";
			};
			name = Testing;
		};
		AB648E2D11FB385800AEF7BD /* Debug */ = {
			isa = XCBuildConfiguration;
			buildSettings = {
				ALWAYS_SEARCH_USER_PATHS = NO;
				CLANG_ENABLE_OBJC_ARC = YES;
				COMBINE_HIDPI_IMAGES = YES;
				COPY_PHASE_STRIP = NO;
				GCC_DYNAMIC_NO_PIC = NO;
				GCC_OPTIMIZATION_LEVEL = 0;
				GCC_PRECOMPILE_PREFIX_HEADER = YES;
				GCC_PREFIX_HEADER = "$(SYSTEM_LIBRARY_DIR)/Frameworks/AppKit.framework/Headers/AppKit.h";
				INFOPLIST_FILE = "$(SRCROOT)/Applications/Doc/Fragaria_Document-Info.plist";
				INSTALL_PATH = "$(HOME)/Applications";
				OTHER_LDFLAGS = (
					"-framework",
					Foundation,
					"-framework",
					AppKit,
				);
				PRODUCT_NAME = "Fragaria Doc";
			};
			name = Debug;
		};
		AB648E2E11FB385800AEF7BD /* Release */ = {
			isa = XCBuildConfiguration;
			buildSettings = {
				ALWAYS_SEARCH_USER_PATHS = NO;
				CLANG_ENABLE_OBJC_ARC = YES;
				COMBINE_HIDPI_IMAGES = YES;
				COPY_PHASE_STRIP = YES;
				DEBUG_INFORMATION_FORMAT = "dwarf-with-dsym";
				GCC_PRECOMPILE_PREFIX_HEADER = YES;
				GCC_PREFIX_HEADER = "$(SYSTEM_LIBRARY_DIR)/Frameworks/AppKit.framework/Headers/AppKit.h";
				INFOPLIST_FILE = "$(SRCROOT)/Applications/Doc/Fragaria_Document-Info.plist";
				INSTALL_PATH = "$(HOME)/Applications";
				OTHER_LDFLAGS = (
					"-framework",
					Foundation,
					"-framework",
					AppKit,
				);
				PRODUCT_NAME = "Fragaria Doc";
			};
			name = Release;
		};
		AB69B62D118B745800903D1D /* Debug */ = {
			isa = XCBuildConfiguration;
			buildSettings = {
				ALWAYS_SEARCH_USER_PATHS = NO;
				CLANG_ENABLE_OBJC_ARC = YES;
				COMBINE_HIDPI_IMAGES = NO;
				COPY_PHASE_STRIP = NO;
				DYLIB_COMPATIBILITY_VERSION = 1;
				DYLIB_CURRENT_VERSION = 1;
				FRAMEWORK_VERSION = A;
				GCC_DYNAMIC_NO_PIC = NO;
				GCC_OPTIMIZATION_LEVEL = 0;
				GCC_PRECOMPILE_PREFIX_HEADER = YES;
				GCC_PREFIX_HEADER = "$(SYSTEM_LIBRARY_DIR)/Frameworks/AppKit.framework/Headers/AppKit.h";
				INFOPLIST_FILE = "MGSFragaria-Info.plist";
				INSTALL_PATH = "@rpath";
				LD_DYLIB_INSTALL_NAME = "@rpath/$(PRODUCT_NAME).$(WRAPPER_EXTENSION)/$(PRODUCT_NAME)";
				ONLY_ACTIVE_ARCH = NO;
				OTHER_LDFLAGS = (
					"-framework",
					Foundation,
					"-framework",
					AppKit,
				);
				PRODUCT_NAME = MGSFragaria;
				VERSIONING_SYSTEM = "apple-generic";
			};
			name = Debug;
		};
		AB69B62E118B745800903D1D /* Release */ = {
			isa = XCBuildConfiguration;
			buildSettings = {
				ALWAYS_SEARCH_USER_PATHS = NO;
				CLANG_ENABLE_OBJC_ARC = YES;
				COMBINE_HIDPI_IMAGES = NO;
				COPY_PHASE_STRIP = YES;
				DEBUG_INFORMATION_FORMAT = "dwarf-with-dsym";
				DYLIB_COMPATIBILITY_VERSION = 1;
				DYLIB_CURRENT_VERSION = 1;
				FRAMEWORK_VERSION = A;
				GCC_PRECOMPILE_PREFIX_HEADER = YES;
				GCC_PREFIX_HEADER = "$(SYSTEM_LIBRARY_DIR)/Frameworks/AppKit.framework/Headers/AppKit.h";
				INFOPLIST_FILE = "MGSFragaria-Info.plist";
				INSTALL_PATH = "@rpath";
				LD_DYLIB_INSTALL_NAME = "@rpath/$(PRODUCT_NAME).$(WRAPPER_EXTENSION)/$(PRODUCT_NAME)";
				ONLY_ACTIVE_ARCH = NO;
				OTHER_LDFLAGS = (
					"-framework",
					Foundation,
					"-framework",
					AppKit,
				);
				PRODUCT_NAME = MGSFragaria;
				VERSIONING_SYSTEM = "apple-generic";
			};
			name = Release;
		};
		ABCA4DAD16137FC000E4849B /* Debug */ = {
			isa = XCBuildConfiguration;
			buildSettings = {
				ALWAYS_SEARCH_USER_PATHS = NO;
				CLANG_ENABLE_OBJC_ARC = YES;
				COMBINE_HIDPI_IMAGES = YES;
				COPY_PHASE_STRIP = NO;
				GCC_DYNAMIC_NO_PIC = NO;
				GCC_OPTIMIZATION_LEVEL = 0;
				GCC_PRECOMPILE_PREFIX_HEADER = YES;
				GCC_PREFIX_HEADER = Fragaria_Prefix.pch;
				INFOPLIST_FILE = "$(SRCROOT)/Applications/Simple/Fragaria-Info.plist";
				INSTALL_PATH = "$(HOME)/Applications";
				PRODUCT_NAME = Fragaria;
			};
			name = Debug;
		};
		ABCA4DAE16137FC000E4849B /* Release */ = {
			isa = XCBuildConfiguration;
			buildSettings = {
				ALWAYS_SEARCH_USER_PATHS = NO;
				CLANG_ENABLE_OBJC_ARC = YES;
				COMBINE_HIDPI_IMAGES = YES;
				DEBUG_INFORMATION_FORMAT = "dwarf-with-dsym";
				GCC_PRECOMPILE_PREFIX_HEADER = YES;
				GCC_PREFIX_HEADER = Fragaria_Prefix.pch;
				INFOPLIST_FILE = "$(SRCROOT)/Applications/Simple/Fragaria-Info.plist";
				INSTALL_PATH = "$(HOME)/Applications";
				PRODUCT_NAME = Fragaria;
			};
			name = Release;
		};
		C01FCF4F08A954540054247B /* Debug */ = {
			isa = XCBuildConfiguration;
			buildSettings = {
				ALWAYS_SEARCH_USER_PATHS = NO;
				CLANG_WARN_UNREACHABLE_CODE = YES;
				GCC_C_LANGUAGE_STANDARD = gnu99;
				GCC_OPTIMIZATION_LEVEL = 0;
				GCC_PRECOMPILE_PREFIX_HEADER = YES;
				GCC_WARN_64_TO_32_BIT_CONVERSION = YES;
				GCC_WARN_ABOUT_MISSING_FIELD_INITIALIZERS = YES;
				GCC_WARN_ABOUT_MISSING_PROTOTYPES = YES;
				GCC_WARN_ABOUT_RETURN_TYPE = YES;
				GCC_WARN_CHECK_SWITCH_STATEMENTS = YES;
				GCC_WARN_INITIALIZER_NOT_FULLY_BRACKETED = YES;
				GCC_WARN_MISSING_PARENTHESES = YES;
				GCC_WARN_SIGN_COMPARE = YES;
				GCC_WARN_UNDECLARED_SELECTOR = YES;
				GCC_WARN_UNINITIALIZED_AUTOS = NO;
				GCC_WARN_UNUSED_FUNCTION = YES;
				GCC_WARN_UNUSED_VARIABLE = YES;
				HEADER_SEARCH_PATHS = "icu/**";
				MACOSX_DEPLOYMENT_TARGET = 10.7;
				ONLY_ACTIVE_ARCH = YES;
				RUN_CLANG_STATIC_ANALYZER = NO;
				SDKROOT = macosx;
			};
			name = Debug;
		};
		C01FCF5008A954540054247B /* Release */ = {
			isa = XCBuildConfiguration;
			buildSettings = {
				ALWAYS_SEARCH_USER_PATHS = NO;
				CLANG_WARN_UNREACHABLE_CODE = YES;
				GCC_C_LANGUAGE_STANDARD = gnu99;
				GCC_PRECOMPILE_PREFIX_HEADER = YES;
				GCC_WARN_64_TO_32_BIT_CONVERSION = YES;
				GCC_WARN_ABOUT_MISSING_FIELD_INITIALIZERS = YES;
				GCC_WARN_ABOUT_MISSING_PROTOTYPES = YES;
				GCC_WARN_ABOUT_RETURN_TYPE = YES;
				GCC_WARN_CHECK_SWITCH_STATEMENTS = YES;
				GCC_WARN_INITIALIZER_NOT_FULLY_BRACKETED = YES;
				GCC_WARN_MISSING_PARENTHESES = YES;
				GCC_WARN_SIGN_COMPARE = YES;
				GCC_WARN_UNDECLARED_SELECTOR = YES;
				GCC_WARN_UNINITIALIZED_AUTOS = YES;
				GCC_WARN_UNUSED_FUNCTION = YES;
				GCC_WARN_UNUSED_VARIABLE = YES;
				HEADER_SEARCH_PATHS = "icu/**";
				MACOSX_DEPLOYMENT_TARGET = 10.7;
				RUN_CLANG_STATIC_ANALYZER = YES;
				SDKROOT = macosx;
			};
			name = Release;
		};
		D0C146661A87196200DDE90A /* Debug */ = {
			isa = XCBuildConfiguration;
			buildSettings = {
				CLANG_CXX_LANGUAGE_STANDARD = "gnu++0x";
				CLANG_CXX_LIBRARY = "libc++";
				CLANG_ENABLE_MODULES = YES;
				CLANG_ENABLE_OBJC_ARC = YES;
				CLANG_WARN_BOOL_CONVERSION = YES;
				CLANG_WARN_CONSTANT_CONVERSION = YES;
				CLANG_WARN_DIRECT_OBJC_ISA_USAGE = YES_ERROR;
				CLANG_WARN_EMPTY_BODY = YES;
				CLANG_WARN_ENUM_CONVERSION = YES;
				CLANG_WARN_INT_CONVERSION = YES;
				CLANG_WARN_OBJC_ROOT_CLASS = YES_ERROR;
				CLANG_WARN__DUPLICATE_METHOD_MATCH = YES;
				CODE_SIGN_IDENTITY = "-";
				COMBINE_HIDPI_IMAGES = YES;
				COPY_PHASE_STRIP = NO;
				ENABLE_STRICT_OBJC_MSGSEND = YES;
				GCC_DYNAMIC_NO_PIC = NO;
				GCC_PREPROCESSOR_DEFINITIONS = (
					"DEBUG=1",
					"$(inherited)",
				);
				GCC_SYMBOLS_PRIVATE_EXTERN = NO;
				GCC_WARN_ABOUT_RETURN_TYPE = YES_ERROR;
				GCC_WARN_UNINITIALIZED_AUTOS = YES_AGGRESSIVE;
				INFOPLIST_FILE = "$(SRCROOT)/Applications/MGSFragariaView/Info.plist";
				LD_RUNPATH_SEARCH_PATHS = "$(inherited) @executable_path/../Frameworks";
				MACOSX_DEPLOYMENT_TARGET = 10.8;
				MTL_ENABLE_DEBUG_INFO = YES;
				PRODUCT_NAME = "$(TARGET_NAME)";
			};
			name = Debug;
		};
		D0C146671A87196200DDE90A /* Testing */ = {
			isa = XCBuildConfiguration;
			buildSettings = {
				CLANG_CXX_LANGUAGE_STANDARD = "gnu++0x";
				CLANG_CXX_LIBRARY = "libc++";
				CLANG_ENABLE_MODULES = YES;
				CLANG_ENABLE_OBJC_ARC = YES;
				CLANG_WARN_BOOL_CONVERSION = YES;
				CLANG_WARN_CONSTANT_CONVERSION = YES;
				CLANG_WARN_DIRECT_OBJC_ISA_USAGE = YES_ERROR;
				CLANG_WARN_EMPTY_BODY = YES;
				CLANG_WARN_ENUM_CONVERSION = YES;
				CLANG_WARN_INT_CONVERSION = YES;
				CLANG_WARN_OBJC_ROOT_CLASS = YES_ERROR;
				CLANG_WARN__DUPLICATE_METHOD_MATCH = YES;
				CODE_SIGN_IDENTITY = "-";
				COMBINE_HIDPI_IMAGES = YES;
				COPY_PHASE_STRIP = YES;
				DEBUG_INFORMATION_FORMAT = "dwarf-with-dsym";
				ENABLE_NS_ASSERTIONS = NO;
				ENABLE_STRICT_OBJC_MSGSEND = YES;
				GCC_WARN_ABOUT_RETURN_TYPE = YES_ERROR;
				GCC_WARN_UNINITIALIZED_AUTOS = YES_AGGRESSIVE;
				INFOPLIST_FILE = "$(SRCROOT)/Applications/MGSFragariaView/Info.plist";
				LD_RUNPATH_SEARCH_PATHS = "$(inherited) @executable_path/../Frameworks";
				MACOSX_DEPLOYMENT_TARGET = 10.8;
				MTL_ENABLE_DEBUG_INFO = NO;
				PRODUCT_NAME = "$(TARGET_NAME)";
			};
			name = Testing;
		};
		D0C146681A87196200DDE90A /* Release */ = {
			isa = XCBuildConfiguration;
			buildSettings = {
				CLANG_CXX_LANGUAGE_STANDARD = "gnu++0x";
				CLANG_CXX_LIBRARY = "libc++";
				CLANG_ENABLE_MODULES = YES;
				CLANG_ENABLE_OBJC_ARC = YES;
				CLANG_WARN_BOOL_CONVERSION = YES;
				CLANG_WARN_CONSTANT_CONVERSION = YES;
				CLANG_WARN_DIRECT_OBJC_ISA_USAGE = YES_ERROR;
				CLANG_WARN_EMPTY_BODY = YES;
				CLANG_WARN_ENUM_CONVERSION = YES;
				CLANG_WARN_INT_CONVERSION = YES;
				CLANG_WARN_OBJC_ROOT_CLASS = YES_ERROR;
				CLANG_WARN__DUPLICATE_METHOD_MATCH = YES;
				CODE_SIGN_IDENTITY = "-";
				COMBINE_HIDPI_IMAGES = YES;
				COPY_PHASE_STRIP = YES;
				DEBUG_INFORMATION_FORMAT = "dwarf-with-dsym";
				ENABLE_NS_ASSERTIONS = NO;
				ENABLE_STRICT_OBJC_MSGSEND = YES;
				GCC_WARN_ABOUT_RETURN_TYPE = YES_ERROR;
				GCC_WARN_UNINITIALIZED_AUTOS = YES_AGGRESSIVE;
				INFOPLIST_FILE = "$(SRCROOT)/Applications/MGSFragariaView/Info.plist";
				LD_RUNPATH_SEARCH_PATHS = "$(inherited) @executable_path/../Frameworks";
				MACOSX_DEPLOYMENT_TARGET = 10.8;
				MTL_ENABLE_DEBUG_INFO = NO;
				PRODUCT_NAME = "$(TARGET_NAME)";
			};
			name = Release;
		};
		D0E520EE1A88DC73005CB80B /* Debug */ = {
			isa = XCBuildConfiguration;
			buildSettings = {
				PRODUCT_NAME = "$(TARGET_NAME)";
			};
			name = Debug;
		};
		D0E520EF1A88DC73005CB80B /* Testing */ = {
			isa = XCBuildConfiguration;
			buildSettings = {
				PRODUCT_NAME = "$(TARGET_NAME)";
			};
			name = Testing;
		};
		D0E520F01A88DC73005CB80B /* Release */ = {
			isa = XCBuildConfiguration;
			buildSettings = {
				PRODUCT_NAME = "$(TARGET_NAME)";
			};
			name = Release;
		};
		D0E521171A90E34F005CB80B /* Debug */ = {
			isa = XCBuildConfiguration;
			buildSettings = {
				CLANG_CXX_LANGUAGE_STANDARD = "gnu++0x";
				CLANG_CXX_LIBRARY = "libc++";
				CLANG_ENABLE_MODULES = YES;
				CLANG_ENABLE_OBJC_ARC = YES;
				CLANG_WARN_BOOL_CONVERSION = YES;
				CLANG_WARN_CONSTANT_CONVERSION = YES;
				CLANG_WARN_DIRECT_OBJC_ISA_USAGE = YES_ERROR;
				CLANG_WARN_EMPTY_BODY = YES;
				CLANG_WARN_ENUM_CONVERSION = YES;
				CLANG_WARN_INT_CONVERSION = YES;
				CLANG_WARN_OBJC_ROOT_CLASS = YES_ERROR;
				CLANG_WARN__DUPLICATE_METHOD_MATCH = YES;
				COMBINE_HIDPI_IMAGES = YES;
				COPY_PHASE_STRIP = NO;
				ENABLE_STRICT_OBJC_MSGSEND = YES;
				FRAMEWORK_SEARCH_PATHS = (
					"$(DEVELOPER_FRAMEWORKS_DIR)",
					"$(inherited)",
				);
				GCC_DYNAMIC_NO_PIC = NO;
				GCC_PREPROCESSOR_DEFINITIONS = (
					"DEBUG=1",
					"$(inherited)",
				);
				GCC_SYMBOLS_PRIVATE_EXTERN = NO;
				GCC_WARN_ABOUT_RETURN_TYPE = YES_ERROR;
				GCC_WARN_UNINITIALIZED_AUTOS = YES_AGGRESSIVE;
				INFOPLIST_FILE = "MGSFragaria Tests/Info.plist";
				LD_RUNPATH_SEARCH_PATHS = "$(inherited) @executable_path/../Frameworks @loader_path/../Frameworks";
				MACOSX_DEPLOYMENT_TARGET = 10.10;
				MTL_ENABLE_DEBUG_INFO = YES;
				PRODUCT_NAME = "$(TARGET_NAME)";
			};
			name = Debug;
		};
		D0E521181A90E34F005CB80B /* Testing */ = {
			isa = XCBuildConfiguration;
			buildSettings = {
				CLANG_CXX_LANGUAGE_STANDARD = "gnu++0x";
				CLANG_CXX_LIBRARY = "libc++";
				CLANG_ENABLE_MODULES = YES;
				CLANG_ENABLE_OBJC_ARC = YES;
				CLANG_WARN_BOOL_CONVERSION = YES;
				CLANG_WARN_CONSTANT_CONVERSION = YES;
				CLANG_WARN_DIRECT_OBJC_ISA_USAGE = YES_ERROR;
				CLANG_WARN_EMPTY_BODY = YES;
				CLANG_WARN_ENUM_CONVERSION = YES;
				CLANG_WARN_INT_CONVERSION = YES;
				CLANG_WARN_OBJC_ROOT_CLASS = YES_ERROR;
				CLANG_WARN__DUPLICATE_METHOD_MATCH = YES;
				COMBINE_HIDPI_IMAGES = YES;
				COPY_PHASE_STRIP = YES;
				DEBUG_INFORMATION_FORMAT = "dwarf-with-dsym";
				ENABLE_NS_ASSERTIONS = NO;
				ENABLE_STRICT_OBJC_MSGSEND = YES;
				FRAMEWORK_SEARCH_PATHS = (
					"$(DEVELOPER_FRAMEWORKS_DIR)",
					"$(inherited)",
				);
				GCC_WARN_ABOUT_RETURN_TYPE = YES_ERROR;
				GCC_WARN_UNINITIALIZED_AUTOS = YES_AGGRESSIVE;
				INFOPLIST_FILE = "MGSFragaria Tests/Info.plist";
				LD_RUNPATH_SEARCH_PATHS = "$(inherited) @executable_path/../Frameworks @loader_path/../Frameworks";
				MACOSX_DEPLOYMENT_TARGET = 10.10;
				MTL_ENABLE_DEBUG_INFO = NO;
				PRODUCT_NAME = "$(TARGET_NAME)";
			};
			name = Testing;
		};
		D0E521191A90E34F005CB80B /* Release */ = {
			isa = XCBuildConfiguration;
			buildSettings = {
				CLANG_CXX_LANGUAGE_STANDARD = "gnu++0x";
				CLANG_CXX_LIBRARY = "libc++";
				CLANG_ENABLE_MODULES = YES;
				CLANG_ENABLE_OBJC_ARC = YES;
				CLANG_WARN_BOOL_CONVERSION = YES;
				CLANG_WARN_CONSTANT_CONVERSION = YES;
				CLANG_WARN_DIRECT_OBJC_ISA_USAGE = YES_ERROR;
				CLANG_WARN_EMPTY_BODY = YES;
				CLANG_WARN_ENUM_CONVERSION = YES;
				CLANG_WARN_INT_CONVERSION = YES;
				CLANG_WARN_OBJC_ROOT_CLASS = YES_ERROR;
				CLANG_WARN__DUPLICATE_METHOD_MATCH = YES;
				COMBINE_HIDPI_IMAGES = YES;
				COPY_PHASE_STRIP = YES;
				DEBUG_INFORMATION_FORMAT = "dwarf-with-dsym";
				ENABLE_NS_ASSERTIONS = NO;
				ENABLE_STRICT_OBJC_MSGSEND = YES;
				FRAMEWORK_SEARCH_PATHS = (
					"$(DEVELOPER_FRAMEWORKS_DIR)",
					"$(inherited)",
				);
				GCC_WARN_ABOUT_RETURN_TYPE = YES_ERROR;
				GCC_WARN_UNINITIALIZED_AUTOS = YES_AGGRESSIVE;
				INFOPLIST_FILE = "MGSFragaria Tests/Info.plist";
				LD_RUNPATH_SEARCH_PATHS = "$(inherited) @executable_path/../Frameworks @loader_path/../Frameworks";
				MACOSX_DEPLOYMENT_TARGET = 10.10;
				MTL_ENABLE_DEBUG_INFO = NO;
				PRODUCT_NAME = "$(TARGET_NAME)";
			};
			name = Release;
		};
/* End XCBuildConfiguration section */

/* Begin XCConfigurationList section */
		AB648E3211FB385900AEF7BD /* Build configuration list for PBXNativeTarget "Fragaria Doc" */ = {
			isa = XCConfigurationList;
			buildConfigurations = (
				AB648E2D11FB385800AEF7BD /* Debug */,
				5FFCC83D1902861000A595F2 /* Testing */,
				AB648E2E11FB385800AEF7BD /* Release */,
			);
			defaultConfigurationIsVisible = 0;
			defaultConfigurationName = Release;
		};
		AB69B62F118B745800903D1D /* Build configuration list for PBXNativeTarget "MGSFragaria" */ = {
			isa = XCConfigurationList;
			buildConfigurations = (
				AB69B62D118B745800903D1D /* Debug */,
				5FFCC83F1902861000A595F2 /* Testing */,
				AB69B62E118B745800903D1D /* Release */,
			);
			defaultConfigurationIsVisible = 0;
			defaultConfigurationName = Release;
		};
		ABCA4DAC16137FC000E4849B /* Build configuration list for PBXNativeTarget "Fragaria" */ = {
			isa = XCConfigurationList;
			buildConfigurations = (
				ABCA4DAD16137FC000E4849B /* Debug */,
				5FFCC83E1902861000A595F2 /* Testing */,
				ABCA4DAE16137FC000E4849B /* Release */,
			);
			defaultConfigurationIsVisible = 0;
			defaultConfigurationName = Release;
		};
		C01FCF4E08A954540054247B /* Build configuration list for PBXProject "Fragaria" */ = {
			isa = XCConfigurationList;
			buildConfigurations = (
				C01FCF4F08A954540054247B /* Debug */,
				5FFCC83C1902861000A595F2 /* Testing */,
				C01FCF5008A954540054247B /* Release */,
			);
			defaultConfigurationIsVisible = 0;
			defaultConfigurationName = Release;
		};
		D0C1466C1A87196200DDE90A /* Build configuration list for PBXNativeTarget "MGSFragariaView" */ = {
			isa = XCConfigurationList;
			buildConfigurations = (
				D0C146661A87196200DDE90A /* Debug */,
				D0C146671A87196200DDE90A /* Testing */,
				D0C146681A87196200DDE90A /* Release */,
			);
			defaultConfigurationIsVisible = 0;
			defaultConfigurationName = Release;
		};
		D0E520ED1A88DC73005CB80B /* Build configuration list for PBXAggregateTarget "Documentation" */ = {
			isa = XCConfigurationList;
			buildConfigurations = (
				D0E520EE1A88DC73005CB80B /* Debug */,
				D0E520EF1A88DC73005CB80B /* Testing */,
				D0E520F01A88DC73005CB80B /* Release */,
			);
			defaultConfigurationIsVisible = 0;
			defaultConfigurationName = Release;
		};
		D0E521161A90E34F005CB80B /* Build configuration list for PBXNativeTarget "MGSFragaria Tests" */ = {
			isa = XCConfigurationList;
			buildConfigurations = (
				D0E521171A90E34F005CB80B /* Debug */,
				D0E521181A90E34F005CB80B /* Testing */,
				D0E521191A90E34F005CB80B /* Release */,
			);
			defaultConfigurationIsVisible = 0;
			defaultConfigurationName = Release;
		};
/* End XCConfigurationList section */
	};
	rootObject = 29B97313FDCFA39411CA2CEA /* Project object */;
}
